// !$*UTF8*$!
{
	archiveVersion = 1;
	classes = {
	};
	objectVersion = 46;
	objects = {

/* Begin PBXAggregateTarget section */
		6328EB1318E74201002A655D /* Mocka Framework */ = {
			isa = PBXAggregateTarget;
			buildConfigurationList = 6328EB1418E74201002A655D /* Build configuration list for PBXAggregateTarget "Mocka Framework" */;
			buildPhases = (
				6328EB1718E74205002A655D /* Update Mocka Framework */,
			);
			dependencies = (
			);
			name = "Mocka Framework";
			productName = "Mocka Framework";
		};
/* End PBXAggregateTarget section */

/* Begin PBXBuildFile section */
		6328EB1D18E7485F002A655D /* XCTest.framework in Frameworks */ = {isa = PBXBuildFile; fileRef = 63956AA818E7323700682D90 /* XCTest.framework */; };
		6328EB1E18E7485F002A655D /* Foundation.framework in Frameworks */ = {isa = PBXBuildFile; fileRef = 63956A8F18E7323700682D90 /* Foundation.framework */; };
		6328EB2E18E748EB002A655D /* ExamplesTests.m in Sources */ = {isa = PBXBuildFile; fileRef = 63956AB418E7323700682D90 /* ExamplesTests.m */; };
		6328EB3118E74AFC002A655D /* Mocka.framework in Frameworks */ = {isa = PBXBuildFile; fileRef = 6328EB3018E74AFC002A655D /* Mocka.framework */; settings = {ATTRIBUTES = (Required, ); }; };
		63956A9018E7323700682D90 /* Foundation.framework in Frameworks */ = {isa = PBXBuildFile; fileRef = 63956A8F18E7323700682D90 /* Foundation.framework */; };
		63956A9218E7323700682D90 /* CoreGraphics.framework in Frameworks */ = {isa = PBXBuildFile; fileRef = 63956A9118E7323700682D90 /* CoreGraphics.framework */; };
		63956A9418E7323700682D90 /* UIKit.framework in Frameworks */ = {isa = PBXBuildFile; fileRef = 63956A9318E7323700682D90 /* UIKit.framework */; };
		63956A9C18E7323700682D90 /* main.m in Sources */ = {isa = PBXBuildFile; fileRef = 63956A9B18E7323700682D90 /* main.m */; };
		63956AA018E7323700682D90 /* AppDelegate.m in Sources */ = {isa = PBXBuildFile; fileRef = 63956A9F18E7323700682D90 /* AppDelegate.m */; };
		CAD2C0392EB649CA87705C3B /* libPods-examples-tests-ios.a in Frameworks */ = {isa = PBXBuildFile; fileRef = 955AC06FEC554F7F8134142A /* libPods-examples-tests-ios.a */; };
/* End PBXBuildFile section */

/* Begin PBXContainerItemProxy section */
		6328EB2918E7485F002A655D /* PBXContainerItemProxy */ = {
			isa = PBXContainerItemProxy;
			containerPortal = 63956A8418E7323700682D90 /* Project object */;
			proxyType = 1;
			remoteGlobalIDString = 63956A8B18E7323700682D90;
			remoteInfo = "examples-ios";
		};
/* End PBXContainerItemProxy section */

/* Begin PBXFileReference section */
		6328EB0718E735B5002A655D /* Prefix.pch */ = {isa = PBXFileReference; lastKnownFileType = sourcecode.c.h; path = Prefix.pch; sourceTree = "<group>"; };
		6328EB1C18E7485F002A655D /* examples-tests-ios.xctest */ = {isa = PBXFileReference; explicitFileType = wrapper.cfbundle; includeInIndex = 0; path = "examples-tests-ios.xctest"; sourceTree = BUILT_PRODUCTS_DIR; };
		6328EB3018E74AFC002A655D /* Mocka.framework */ = {isa = PBXFileReference; lastKnownFileType = wrapper.framework; name = Mocka.framework; path = Generated/Mocka.framework; sourceTree = "<group>"; };
		63956A8C18E7323700682D90 /* Examples.app */ = {isa = PBXFileReference; explicitFileType = wrapper.application; includeInIndex = 0; name = Examples.app; path = "examples-ios.app"; sourceTree = BUILT_PRODUCTS_DIR; };
		63956A8F18E7323700682D90 /* Foundation.framework */ = {isa = PBXFileReference; lastKnownFileType = wrapper.framework; name = Foundation.framework; path = System/Library/Frameworks/Foundation.framework; sourceTree = SDKROOT; };
		63956A9118E7323700682D90 /* CoreGraphics.framework */ = {isa = PBXFileReference; lastKnownFileType = wrapper.framework; name = CoreGraphics.framework; path = System/Library/Frameworks/CoreGraphics.framework; sourceTree = SDKROOT; };
		63956A9318E7323700682D90 /* UIKit.framework */ = {isa = PBXFileReference; lastKnownFileType = wrapper.framework; name = UIKit.framework; path = System/Library/Frameworks/UIKit.framework; sourceTree = SDKROOT; };
		63956A9718E7323700682D90 /* Info.plist */ = {isa = PBXFileReference; lastKnownFileType = text.plist.xml; path = Info.plist; sourceTree = "<group>"; };
		63956A9B18E7323700682D90 /* main.m */ = {isa = PBXFileReference; lastKnownFileType = sourcecode.c.objc; path = main.m; sourceTree = "<group>"; };
		63956A9D18E7323700682D90 /* Prefix.pch */ = {isa = PBXFileReference; lastKnownFileType = sourcecode.c.h; path = Prefix.pch; sourceTree = "<group>"; };
		63956A9E18E7323700682D90 /* AppDelegate.h */ = {isa = PBXFileReference; lastKnownFileType = sourcecode.c.h; path = AppDelegate.h; sourceTree = "<group>"; };
		63956A9F18E7323700682D90 /* AppDelegate.m */ = {isa = PBXFileReference; lastKnownFileType = sourcecode.c.objc; path = AppDelegate.m; sourceTree = "<group>"; };
		63956AA818E7323700682D90 /* XCTest.framework */ = {isa = PBXFileReference; lastKnownFileType = wrapper.framework; name = XCTest.framework; path = Library/Frameworks/XCTest.framework; sourceTree = DEVELOPER_DIR; };
		63956AB018E7323700682D90 /* Info.plist */ = {isa = PBXFileReference; lastKnownFileType = text.plist.xml; path = Info.plist; sourceTree = "<group>"; };
		63956AB418E7323700682D90 /* ExamplesTests.m */ = {isa = PBXFileReference; lastKnownFileType = sourcecode.c.objc; path = ExamplesTests.m; sourceTree = "<group>"; };
		955AC06FEC554F7F8134142A /* libPods-examples-tests-ios.a */ = {isa = PBXFileReference; explicitFileType = archive.ar; includeInIndex = 0; path = "libPods-examples-tests-ios.a"; sourceTree = BUILT_PRODUCTS_DIR; };
		B1770A1CD28B4836BFF843DF /* Pods-examples-tests-ios.xcconfig */ = {isa = PBXFileReference; includeInIndex = 1; lastKnownFileType = text.xcconfig; name = "Pods-examples-tests-ios.xcconfig"; path = "../Pods/Pods-examples-tests-ios.xcconfig"; sourceTree = "<group>"; };
/* End PBXFileReference section */

/* Begin PBXFrameworksBuildPhase section */
		6328EB1918E7485F002A655D /* Frameworks */ = {
			isa = PBXFrameworksBuildPhase;
			buildActionMask = 2147483647;
			files = (
				6328EB1E18E7485F002A655D /* Foundation.framework in Frameworks */,
				6328EB1D18E7485F002A655D /* XCTest.framework in Frameworks */,
				6328EB3118E74AFC002A655D /* Mocka.framework in Frameworks */,
				CAD2C0392EB649CA87705C3B /* libPods-examples-tests-ios.a in Frameworks */,
			);
			runOnlyForDeploymentPostprocessing = 0;
		};
		63956A8918E7323700682D90 /* Frameworks */ = {
			isa = PBXFrameworksBuildPhase;
			buildActionMask = 2147483647;
			files = (
				63956A9218E7323700682D90 /* CoreGraphics.framework in Frameworks */,
				63956A9418E7323700682D90 /* UIKit.framework in Frameworks */,
				63956A9018E7323700682D90 /* Foundation.framework in Frameworks */,
			);
			runOnlyForDeploymentPostprocessing = 0;
		};
/* End PBXFrameworksBuildPhase section */

/* Begin PBXGroup section */
		6328EB0818E737AD002A655D /* iOS App */ = {
			isa = PBXGroup;
			children = (
				63956A9718E7323700682D90 /* Info.plist */,
				63956A9B18E7323700682D90 /* main.m */,
				63956A9E18E7323700682D90 /* AppDelegate.h */,
				63956A9F18E7323700682D90 /* AppDelegate.m */,
			);
			name = "iOS App";
			sourceTree = "<group>";
		};
		63956A8318E7323700682D90 = {
			isa = PBXGroup;
			children = (
				63956A9518E7323700682D90 /* Sources */,
				63956AAE18E7323700682D90 /* Tests */,
				63956A8E18E7323700682D90 /* Frameworks */,
				63956A8D18E7323700682D90 /* Products */,
				B1770A1CD28B4836BFF843DF /* Pods-examples-tests-ios.xcconfig */,
			);
			sourceTree = "<group>";
		};
		63956A8D18E7323700682D90 /* Products */ = {
			isa = PBXGroup;
			children = (
				63956A8C18E7323700682D90 /* Examples.app */,
				6328EB1C18E7485F002A655D /* examples-tests-ios.xctest */,
			);
			name = Products;
			sourceTree = "<group>";
		};
		63956A8E18E7323700682D90 /* Frameworks */ = {
			isa = PBXGroup;
			children = (
				6328EB3018E74AFC002A655D /* Mocka.framework */,
				63956A8F18E7323700682D90 /* Foundation.framework */,
				63956A9118E7323700682D90 /* CoreGraphics.framework */,
				63956A9318E7323700682D90 /* UIKit.framework */,
				63956AA818E7323700682D90 /* XCTest.framework */,
				955AC06FEC554F7F8134142A /* libPods-examples-tests-ios.a */,
			);
			name = Frameworks;
			sourceTree = "<group>";
		};
		63956A9518E7323700682D90 /* Sources */ = {
			isa = PBXGroup;
			children = (
				63956A9D18E7323700682D90 /* Prefix.pch */,
				6328EB0818E737AD002A655D /* iOS App */,
			);
			path = Sources;
			sourceTree = "<group>";
		};
		63956AAE18E7323700682D90 /* Tests */ = {
			isa = PBXGroup;
			children = (
				63956AB018E7323700682D90 /* Info.plist */,
				6328EB0718E735B5002A655D /* Prefix.pch */,
				63956AB418E7323700682D90 /* ExamplesTests.m */,
			);
			path = Tests;
			sourceTree = "<group>";
		};
/* End PBXGroup section */

/* Begin PBXNativeTarget section */
		6328EB1B18E7485F002A655D /* examples-tests-ios */ = {
			isa = PBXNativeTarget;
			buildConfigurationList = 6328EB2B18E7485F002A655D /* Build configuration list for PBXNativeTarget "examples-tests-ios" */;
			buildPhases = (
				CFC4C5787C904249A0429E90 /* Check Pods Manifest.lock */,
				6328EB1818E7485F002A655D /* Sources */,
				6328EB1918E7485F002A655D /* Frameworks */,
				6328EB1A18E7485F002A655D /* Resources */,
				C50DE53C40E942288B995390 /* Copy Pods Resources */,
			);
			buildRules = (
			);
			dependencies = (
				6328EB2A18E7485F002A655D /* PBXTargetDependency */,
			);
			name = "examples-tests-ios";
			productName = "examples-tests-ios";
			productReference = 6328EB1C18E7485F002A655D /* examples-tests-ios.xctest */;
			productType = "com.apple.product-type.bundle.unit-test";
		};
		63956A8B18E7323700682D90 /* examples-ios */ = {
			isa = PBXNativeTarget;
			buildConfigurationList = 63956AB818E7323700682D90 /* Build configuration list for PBXNativeTarget "examples-ios" */;
			buildPhases = (
				63956A8818E7323700682D90 /* Sources */,
				63956A8918E7323700682D90 /* Frameworks */,
				63956A8A18E7323700682D90 /* Resources */,
			);
			buildRules = (
			);
			dependencies = (
			);
			name = "examples-ios";
			productName = Examples;
			productReference = 63956A8C18E7323700682D90 /* Examples.app */;
			productType = "com.apple.product-type.application";
		};
/* End PBXNativeTarget section */

/* Begin PBXProject section */
		63956A8418E7323700682D90 /* Project object */ = {
			isa = PBXProject;
			attributes = {
				LastUpgradeCheck = 0510;
				ORGANIZATIONNAME = "konoma GmbH";
				TargetAttributes = {
					6328EB1B18E7485F002A655D = {
						TestTargetID = 63956A8B18E7323700682D90;
					};
				};
			};
			buildConfigurationList = 63956A8718E7323700682D90 /* Build configuration list for PBXProject "Examples" */;
			compatibilityVersion = "Xcode 3.2";
			developmentRegion = English;
			hasScannedForEncodings = 0;
			knownRegions = (
				en,
			);
			mainGroup = 63956A8318E7323700682D90;
			productRefGroup = 63956A8D18E7323700682D90 /* Products */;
			projectDirPath = "";
			projectRoot = "";
			targets = (
				63956A8B18E7323700682D90 /* examples-ios */,
				6328EB1B18E7485F002A655D /* examples-tests-ios */,
				6328EB1318E74201002A655D /* Mocka Framework */,
			);
		};
/* End PBXProject section */

/* Begin PBXResourcesBuildPhase section */
		6328EB1A18E7485F002A655D /* Resources */ = {
			isa = PBXResourcesBuildPhase;
			buildActionMask = 2147483647;
			files = (
			);
			runOnlyForDeploymentPostprocessing = 0;
		};
		63956A8A18E7323700682D90 /* Resources */ = {
			isa = PBXResourcesBuildPhase;
			buildActionMask = 2147483647;
			files = (
			);
			runOnlyForDeploymentPostprocessing = 0;
		};
/* End PBXResourcesBuildPhase section */

/* Begin PBXShellScriptBuildPhase section */
		6328EB1718E74205002A655D /* Update Mocka Framework */ = {
			isa = PBXShellScriptBuildPhase;
			buildActionMask = 2147483647;
			files = (
			);
			inputPaths = (
			);
			name = "Update Mocka Framework";
			outputPaths = (
			);
			runOnlyForDeploymentPostprocessing = 0;
			shellPath = /bin/sh;
			shellScript = "xcodebuild\\\n  -project \"${SOURCE_ROOT}/../Mocka.xcodeproj\"\\\n  -scheme \"Universal Framework\"\\\n  -configuration \"Debug\"\n\nmkdir -p \"${SOURCE_ROOT}/Generated\"\nrm -rf \"${SOURCE_ROOT}/Generated/Mocka.framework\"\ncp -R \"${SOURCE_ROOT}/../Distribution/Mocka.framework\" \"${SOURCE_ROOT}/Generated\"";
			showEnvVarsInLog = 0;
		};
		C50DE53C40E942288B995390 /* Copy Pods Resources */ = {
			isa = PBXShellScriptBuildPhase;
			buildActionMask = 2147483647;
			files = (
			);
			inputPaths = (
			);
			name = "Copy Pods Resources";
			outputPaths = (
			);
			runOnlyForDeploymentPostprocessing = 0;
			shellPath = /bin/sh;
			shellScript = "\"${SRCROOT}/../Pods/Pods-examples-tests-ios-resources.sh\"\n";
			showEnvVarsInLog = 0;
		};
		CFC4C5787C904249A0429E90 /* Check Pods Manifest.lock */ = {
			isa = PBXShellScriptBuildPhase;
			buildActionMask = 2147483647;
			files = (
			);
			inputPaths = (
			);
			name = "Check Pods Manifest.lock";
			outputPaths = (
			);
			runOnlyForDeploymentPostprocessing = 0;
			shellPath = /bin/sh;
			shellScript = "diff \"${PODS_ROOT}/../Podfile.lock\" \"${PODS_ROOT}/Manifest.lock\" > /dev/null\nif [[ $? != 0 ]] ; then\n    cat << EOM\nerror: The sandbox is not in sync with the Podfile.lock. Run 'pod install' or update your CocoaPods installation.\nEOM\n    exit 1\nfi\n";
			showEnvVarsInLog = 0;
		};
/* End PBXShellScriptBuildPhase section */

/* Begin PBXSourcesBuildPhase section */
		6328EB1818E7485F002A655D /* Sources */ = {
			isa = PBXSourcesBuildPhase;
			buildActionMask = 2147483647;
			files = (
				6328EB2E18E748EB002A655D /* ExamplesTests.m in Sources */,
			);
			runOnlyForDeploymentPostprocessing = 0;
		};
		63956A8818E7323700682D90 /* Sources */ = {
			isa = PBXSourcesBuildPhase;
			buildActionMask = 2147483647;
			files = (
				63956AA018E7323700682D90 /* AppDelegate.m in Sources */,
				63956A9C18E7323700682D90 /* main.m in Sources */,
			);
			runOnlyForDeploymentPostprocessing = 0;
		};
/* End PBXSourcesBuildPhase section */

/* Begin PBXTargetDependency section */
		6328EB2A18E7485F002A655D /* PBXTargetDependency */ = {
			isa = PBXTargetDependency;
			target = 63956A8B18E7323700682D90 /* examples-ios */;
			targetProxy = 6328EB2918E7485F002A655D /* PBXContainerItemProxy */;
		};
/* End PBXTargetDependency section */

/* Begin XCBuildConfiguration section */
		6328EB1518E74201002A655D /* Debug */ = {
			isa = XCBuildConfiguration;
			buildSettings = {
				PRODUCT_NAME = "$(TARGET_NAME)";
			};
			name = Debug;
		};
		6328EB1618E74201002A655D /* Release */ = {
			isa = XCBuildConfiguration;
			buildSettings = {
				PRODUCT_NAME = "$(TARGET_NAME)";
			};
			name = Release;
		};
		6328EB2C18E7485F002A655D /* Debug */ = {
			isa = XCBuildConfiguration;
			baseConfigurationReference = B1770A1CD28B4836BFF843DF /* Pods-examples-tests-ios.xcconfig */;
			buildSettings = {
				BUNDLE_LOADER = "$(BUILT_PRODUCTS_DIR)/examples-ios.app/examples-ios";
				CLANG_ENABLE_MODULES = YES;
				FRAMEWORK_SEARCH_PATHS = (
					"$(SDKROOT)/Developer/Library/Frameworks",
					"$(inherited)",
					"$(DEVELOPER_FRAMEWORKS_DIR)",
					"$(PROJECT_DIR)/Generated",
				);
				GCC_PRECOMPILE_PREFIX_HEADER = YES;
				GCC_PREFIX_HEADER = Tests/Prefix.pch;
				GCC_PREPROCESSOR_DEFINITIONS = (
					"DEBUG=1",
					"$(inherited)",
				);
				INFOPLIST_FILE = Tests/Info.plist;
				OTHER_LDFLAGS = (
					"-ObjC",
					"-framework",
					CFNetwork,
					"-framework",
					Foundation,
					"-framework",
					XCTest,
					"-framework",
					Mocka,
				);
				PRODUCT_NAME = "$(TARGET_NAME)";
				TEST_HOST = "$(BUNDLE_LOADER)";
				WRAPPER_EXTENSION = xctest;
			};
			name = Debug;
		};
		6328EB2D18E7485F002A655D /* Release */ = {
			isa = XCBuildConfiguration;
			baseConfigurationReference = B1770A1CD28B4836BFF843DF /* Pods-examples-tests-ios.xcconfig */;
			buildSettings = {
				BUNDLE_LOADER = "$(BUILT_PRODUCTS_DIR)/examples-ios.app/examples-ios";
				CLANG_ENABLE_MODULES = YES;
				FRAMEWORK_SEARCH_PATHS = (
					"$(SDKROOT)/Developer/Library/Frameworks",
					"$(inherited)",
					"$(DEVELOPER_FRAMEWORKS_DIR)",
					"$(PROJECT_DIR)/Generated",
				);
				GCC_PRECOMPILE_PREFIX_HEADER = YES;
				GCC_PREFIX_HEADER = Tests/Prefix.pch;
				INFOPLIST_FILE = Tests/Info.plist;
				OTHER_LDFLAGS = (
					"-ObjC",
					"-framework",
					CFNetwork,
					"-framework",
					Foundation,
					"-framework",
					XCTest,
					"-framework",
					Mocka,
				);
				PRODUCT_NAME = "$(TARGET_NAME)";
				TEST_HOST = "$(BUNDLE_LOADER)";
				WRAPPER_EXTENSION = xctest;
			};
			name = Release;
		};
		63956AB618E7323700682D90 /* Debug */ = {
			isa = XCBuildConfiguration;
			buildSettings = {
				ALWAYS_SEARCH_USER_PATHS = NO;
				"ARCHS[sdk=iphonesimulator*]" = i386;
				CLANG_CXX_LANGUAGE_STANDARD = "gnu++0x";
				CLANG_CXX_LIBRARY = "libc++";
				CLANG_ENABLE_OBJC_ARC = YES;
				CLANG_WARN_BOOL_CONVERSION = YES;
				CLANG_WARN_CONSTANT_CONVERSION = YES;
				CLANG_WARN_DIRECT_OBJC_ISA_USAGE = YES_ERROR;
				CLANG_WARN_EMPTY_BODY = YES;
				CLANG_WARN_ENUM_CONVERSION = YES;
				CLANG_WARN_INT_CONVERSION = YES;
				CLANG_WARN_OBJC_ROOT_CLASS = YES_ERROR;
				CLANG_WARN__DUPLICATE_METHOD_MATCH = YES;
				"CODE_SIGN_IDENTITY[sdk=iphoneos*]" = "iPhone Developer";
				COPY_PHASE_STRIP = NO;
				GCC_C_LANGUAGE_STANDARD = gnu99;
				GCC_DYNAMIC_NO_PIC = NO;
				GCC_OPTIMIZATION_LEVEL = 0;
				GCC_PREPROCESSOR_DEFINITIONS = (
					"DEBUG=1",
					"$(inherited)",
				);
				GCC_SYMBOLS_PRIVATE_EXTERN = NO;
				GCC_TREAT_WARNINGS_AS_ERRORS = YES;
				GCC_WARN_64_TO_32_BIT_CONVERSION = YES;
				GCC_WARN_ABOUT_MISSING_NEWLINE = YES;
				GCC_WARN_ABOUT_RETURN_TYPE = YES_ERROR;
				GCC_WARN_UNDECLARED_SELECTOR = YES;
				GCC_WARN_UNINITIALIZED_AUTOS = YES_AGGRESSIVE;
				GCC_WARN_UNUSED_FUNCTION = YES;
				GCC_WARN_UNUSED_VARIABLE = YES;
				IPHONEOS_DEPLOYMENT_TARGET = 7.1;
				ONLY_ACTIVE_ARCH = YES;
				SDKROOT = iphoneos;
			};
			name = Debug;
		};
		63956AB718E7323700682D90 /* Release */ = {
			isa = XCBuildConfiguration;
			buildSettings = {
				ALWAYS_SEARCH_USER_PATHS = NO;
				CLANG_CXX_LANGUAGE_STANDARD = "gnu++0x";
				CLANG_CXX_LIBRARY = "libc++";
				CLANG_ENABLE_OBJC_ARC = YES;
				CLANG_WARN_BOOL_CONVERSION = YES;
				CLANG_WARN_CONSTANT_CONVERSION = YES;
				CLANG_WARN_DIRECT_OBJC_ISA_USAGE = YES_ERROR;
				CLANG_WARN_EMPTY_BODY = YES;
				CLANG_WARN_ENUM_CONVERSION = YES;
				CLANG_WARN_INT_CONVERSION = YES;
				CLANG_WARN_OBJC_ROOT_CLASS = YES_ERROR;
				CLANG_WARN__DUPLICATE_METHOD_MATCH = YES;
				"CODE_SIGN_IDENTITY[sdk=iphoneos*]" = "iPhone Developer";
				COPY_PHASE_STRIP = YES;
				ENABLE_NS_ASSERTIONS = NO;
				GCC_C_LANGUAGE_STANDARD = gnu99;
				GCC_TREAT_WARNINGS_AS_ERRORS = YES;
				GCC_WARN_64_TO_32_BIT_CONVERSION = YES;
				GCC_WARN_ABOUT_MISSING_NEWLINE = YES;
				GCC_WARN_ABOUT_RETURN_TYPE = YES_ERROR;
				GCC_WARN_UNDECLARED_SELECTOR = YES;
				GCC_WARN_UNINITIALIZED_AUTOS = YES_AGGRESSIVE;
				GCC_WARN_UNUSED_FUNCTION = YES;
				GCC_WARN_UNUSED_VARIABLE = YES;
				IPHONEOS_DEPLOYMENT_TARGET = 7.1;
				SDKROOT = iphoneos;
				VALIDATE_PRODUCT = YES;
			};
			name = Release;
		};
		63956AB918E7323700682D90 /* Debug */ = {
			isa = XCBuildConfiguration;
			buildSettings = {
				ASSETCATALOG_COMPILER_APPICON_NAME = AppIcon;
				ASSETCATALOG_COMPILER_LAUNCHIMAGE_NAME = LaunchImage;
				GCC_PRECOMPILE_PREFIX_HEADER = YES;
				GCC_PREFIX_HEADER = Sources/Prefix.pch;
				INFOPLIST_FILE = Sources/Info.plist;
				PRODUCT_NAME = "$(TARGET_NAME)";
				WRAPPER_EXTENSION = app;
			};
			name = Debug;
		};
		63956ABA18E7323700682D90 /* Release */ = {
			isa = XCBuildConfiguration;
			buildSettings = {
				ASSETCATALOG_COMPILER_APPICON_NAME = AppIcon;
				ASSETCATALOG_COMPILER_LAUNCHIMAGE_NAME = LaunchImage;
				GCC_PRECOMPILE_PREFIX_HEADER = YES;
				GCC_PREFIX_HEADER = Sources/Prefix.pch;
				INFOPLIST_FILE = Sources/Info.plist;
				PRODUCT_NAME = "$(TARGET_NAME)";
				WRAPPER_EXTENSION = app;
			};
			name = Release;
		};
/* End XCBuildConfiguration section */

/* Begin XCConfigurationList section */
		6328EB1418E74201002A655D /* Build configuration list for PBXAggregateTarget "Mocka Framework" */ = {
			isa = XCConfigurationList;
			buildConfigurations = (
				6328EB1518E74201002A655D /* Debug */,
				6328EB1618E74201002A655D /* Release */,
			);
			defaultConfigurationIsVisible = 0;
			defaultConfigurationName = Release;
		};
		6328EB2B18E7485F002A655D /* Build configuration list for PBXNativeTarget "examples-tests-ios" */ = {
			isa = XCConfigurationList;
			buildConfigurations = (
				6328EB2C18E7485F002A655D /* Debug */,
				6328EB2D18E7485F002A655D /* Release */,
			);
			defaultConfigurationIsVisible = 0;
			defaultConfigurationName = Release;
		};
		63956A8718E7323700682D90 /* Build configuration list for PBXProject "Examples" */ = {
			isa = XCConfigurationList;
			buildConfigurations = (
				63956AB618E7323700682D90 /* Debug */,
				63956AB718E7323700682D90 /* Release */,
			);
			defaultConfigurationIsVisible = 0;
			defaultConfigurationName = Release;
		};
		63956AB818E7323700682D90 /* Build configuration list for PBXNativeTarget "examples-ios" */ = {
			isa = XCConfigurationList;
			buildConfigurations = (
				63956AB918E7323700682D90 /* Debug */,
				63956ABA18E7323700682D90 /* Release */,
			);
			defaultConfigurationIsVisible = 0;
			defaultConfigurationName = Release;
		};
/* End XCConfigurationList section */
	};
	rootObject = 63956A8418E7323700682D90 /* Project object */;
}
