// !$*UTF8*$!
{
	archiveVersion = 1;
	classes = {
	};
	objectVersion = 46;
	objects = {

/* Begin PBXBuildFile section */
		63956A9018E7323700682D90 /* Foundation.framework in Frameworks */ = {isa = PBXBuildFile; fileRef = 63956A8F18E7323700682D90 /* Foundation.framework */; };
		63956A9218E7323700682D90 /* CoreGraphics.framework in Frameworks */ = {isa = PBXBuildFile; fileRef = 63956A9118E7323700682D90 /* CoreGraphics.framework */; };
		63956A9418E7323700682D90 /* UIKit.framework in Frameworks */ = {isa = PBXBuildFile; fileRef = 63956A9318E7323700682D90 /* UIKit.framework */; };
		63956A9C18E7323700682D90 /* main.m in Sources */ = {isa = PBXBuildFile; fileRef = 63956A9B18E7323700682D90 /* main.m */; };
		63956AA018E7323700682D90 /* AppDelegate.m in Sources */ = {isa = PBXBuildFile; fileRef = 63956A9F18E7323700682D90 /* AppDelegate.m */; };
		63956AA918E7323700682D90 /* XCTest.framework in Frameworks */ = {isa = PBXBuildFile; fileRef = 63956AA818E7323700682D90 /* XCTest.framework */; };
		63956AAA18E7323700682D90 /* Foundation.framework in Frameworks */ = {isa = PBXBuildFile; fileRef = 63956A8F18E7323700682D90 /* Foundation.framework */; };
		63956AAB18E7323700682D90 /* UIKit.framework in Frameworks */ = {isa = PBXBuildFile; fileRef = 63956A9318E7323700682D90 /* UIKit.framework */; };
		63956AB518E7323700682D90 /* ExamplesTests.m in Sources */ = {isa = PBXBuildFile; fileRef = 63956AB418E7323700682D90 /* ExamplesTests.m */; };
/* End PBXBuildFile section */

/* Begin PBXContainerItemProxy section */
		63956AAC18E7323700682D90 /* PBXContainerItemProxy */ = {
			isa = PBXContainerItemProxy;
			containerPortal = 63956A8418E7323700682D90 /* Project object */;
			proxyType = 1;
			remoteGlobalIDString = 63956A8B18E7323700682D90;
			remoteInfo = Examples;
		};
/* End PBXContainerItemProxy section */

/* Begin PBXFileReference section */
		6328EB0718E735B5002A655D /* Prefix.pch */ = {isa = PBXFileReference; lastKnownFileType = sourcecode.c.h; path = Prefix.pch; sourceTree = "<group>"; };
		63956A8C18E7323700682D90 /* Examples.app */ = {isa = PBXFileReference; explicitFileType = wrapper.application; includeInIndex = 0; path = Examples.app; sourceTree = BUILT_PRODUCTS_DIR; };
		63956A8F18E7323700682D90 /* Foundation.framework */ = {isa = PBXFileReference; lastKnownFileType = wrapper.framework; name = Foundation.framework; path = System/Library/Frameworks/Foundation.framework; sourceTree = SDKROOT; };
		63956A9118E7323700682D90 /* CoreGraphics.framework */ = {isa = PBXFileReference; lastKnownFileType = wrapper.framework; name = CoreGraphics.framework; path = System/Library/Frameworks/CoreGraphics.framework; sourceTree = SDKROOT; };
		63956A9318E7323700682D90 /* UIKit.framework */ = {isa = PBXFileReference; lastKnownFileType = wrapper.framework; name = UIKit.framework; path = System/Library/Frameworks/UIKit.framework; sourceTree = SDKROOT; };
		63956A9718E7323700682D90 /* Info.plist */ = {isa = PBXFileReference; lastKnownFileType = text.plist.xml; path = Info.plist; sourceTree = "<group>"; };
		63956A9B18E7323700682D90 /* main.m */ = {isa = PBXFileReference; lastKnownFileType = sourcecode.c.objc; path = main.m; sourceTree = "<group>"; };
		63956A9D18E7323700682D90 /* Prefix.pch */ = {isa = PBXFileReference; lastKnownFileType = sourcecode.c.h; path = Prefix.pch; sourceTree = "<group>"; };
		63956A9E18E7323700682D90 /* AppDelegate.h */ = {isa = PBXFileReference; lastKnownFileType = sourcecode.c.h; path = AppDelegate.h; sourceTree = "<group>"; };
		63956A9F18E7323700682D90 /* AppDelegate.m */ = {isa = PBXFileReference; lastKnownFileType = sourcecode.c.objc; path = AppDelegate.m; sourceTree = "<group>"; };
		63956AA718E7323700682D90 /* ExamplesTests.xctest */ = {isa = PBXFileReference; explicitFileType = wrapper.cfbundle; includeInIndex = 0; path = ExamplesTests.xctest; sourceTree = BUILT_PRODUCTS_DIR; };
		63956AA818E7323700682D90 /* XCTest.framework */ = {isa = PBXFileReference; lastKnownFileType = wrapper.framework; name = XCTest.framework; path = Library/Frameworks/XCTest.framework; sourceTree = DEVELOPER_DIR; };
		63956AB018E7323700682D90 /* Info.plist */ = {isa = PBXFileReference; lastKnownFileType = text.plist.xml; path = Info.plist; sourceTree = "<group>"; };
		63956AB418E7323700682D90 /* ExamplesTests.m */ = {isa = PBXFileReference; lastKnownFileType = sourcecode.c.objc; path = ExamplesTests.m; sourceTree = "<group>"; };
/* End PBXFileReference section */

/* Begin PBXFrameworksBuildPhase section */
		63956A8918E7323700682D90 /* Frameworks */ = {
			isa = PBXFrameworksBuildPhase;
			buildActionMask = 2147483647;
			files = (
				63956A9218E7323700682D90 /* CoreGraphics.framework in Frameworks */,
				63956A9418E7323700682D90 /* UIKit.framework in Frameworks */,
				63956A9018E7323700682D90 /* Foundation.framework in Frameworks */,
			);
			runOnlyForDeploymentPostprocessing = 0;
		};
		63956AA418E7323700682D90 /* Frameworks */ = {
			isa = PBXFrameworksBuildPhase;
			buildActionMask = 2147483647;
			files = (
				63956AA918E7323700682D90 /* XCTest.framework in Frameworks */,
				63956AAB18E7323700682D90 /* UIKit.framework in Frameworks */,
				63956AAA18E7323700682D90 /* Foundation.framework in Frameworks */,
			);
			runOnlyForDeploymentPostprocessing = 0;
		};
/* End PBXFrameworksBuildPhase section */

/* Begin PBXGroup section */
		63956A8318E7323700682D90 = {
			isa = PBXGroup;
			children = (
				63956A9518E7323700682D90 /* Sources */,
				63956AAE18E7323700682D90 /* Tests */,
				63956A8E18E7323700682D90 /* Frameworks */,
				63956A8D18E7323700682D90 /* Products */,
			);
			sourceTree = "<group>";
		};
		63956A8D18E7323700682D90 /* Products */ = {
			isa = PBXGroup;
			children = (
				63956A8C18E7323700682D90 /* Examples.app */,
				63956AA718E7323700682D90 /* ExamplesTests.xctest */,
			);
			name = Products;
			sourceTree = "<group>";
		};
		63956A8E18E7323700682D90 /* Frameworks */ = {
			isa = PBXGroup;
			children = (
				63956A8F18E7323700682D90 /* Foundation.framework */,
				63956A9118E7323700682D90 /* CoreGraphics.framework */,
				63956A9318E7323700682D90 /* UIKit.framework */,
				63956AA818E7323700682D90 /* XCTest.framework */,
			);
			name = Frameworks;
			sourceTree = "<group>";
		};
		63956A9518E7323700682D90 /* Sources */ = {
			isa = PBXGroup;
			children = (
				63956A9E18E7323700682D90 /* AppDelegate.h */,
				63956A9F18E7323700682D90 /* AppDelegate.m */,
				63956A9618E7323700682D90 /* Supporting Files */,
			);
			path = Sources;
			sourceTree = "<group>";
		};
		63956A9618E7323700682D90 /* Supporting Files */ = {
			isa = PBXGroup;
			children = (
				63956A9718E7323700682D90 /* Info.plist */,
				63956A9B18E7323700682D90 /* main.m */,
				63956A9D18E7323700682D90 /* Prefix.pch */,
			);
			name = "Supporting Files";
			sourceTree = "<group>";
		};
		63956AAE18E7323700682D90 /* Tests */ = {
			isa = PBXGroup;
			children = (
				6328EB0718E735B5002A655D /* Prefix.pch */,
				63956AB418E7323700682D90 /* ExamplesTests.m */,
				63956AAF18E7323700682D90 /* Supporting Files */,
			);
			path = Tests;
			sourceTree = "<group>";
		};
		63956AAF18E7323700682D90 /* Supporting Files */ = {
			isa = PBXGroup;
			children = (
				63956AB018E7323700682D90 /* Info.plist */,
			);
			name = "Supporting Files";
			sourceTree = "<group>";
		};
/* End PBXGroup section */

/* Begin PBXNativeTarget section */
		63956A8B18E7323700682D90 /* Examples */ = {
			isa = PBXNativeTarget;
			buildConfigurationList = 63956AB818E7323700682D90 /* Build configuration list for PBXNativeTarget "Examples" */;
			buildPhases = (
				63956A8818E7323700682D90 /* Sources */,
				63956A8918E7323700682D90 /* Frameworks */,
				63956A8A18E7323700682D90 /* Resources */,
			);
			buildRules = (
			);
			dependencies = (
			);
			name = Examples;
			productName = Examples;
			productReference = 63956A8C18E7323700682D90 /* Examples.app */;
			productType = "com.apple.product-type.application";
		};
		63956AA618E7323700682D90 /* ExamplesTests */ = {
			isa = PBXNativeTarget;
			buildConfigurationList = 63956ABB18E7323700682D90 /* Build configuration list for PBXNativeTarget "ExamplesTests" */;
			buildPhases = (
				63956AA318E7323700682D90 /* Sources */,
				63956AA418E7323700682D90 /* Frameworks */,
				63956AA518E7323700682D90 /* Resources */,
			);
			buildRules = (
			);
			dependencies = (
				63956AAD18E7323700682D90 /* PBXTargetDependency */,
			);
			name = ExamplesTests;
			productName = ExamplesTests;
			productReference = 63956AA718E7323700682D90 /* ExamplesTests.xctest */;
			productType = "com.apple.product-type.bundle.unit-test";
		};
/* End PBXNativeTarget section */

/* Begin PBXProject section */
		63956A8418E7323700682D90 /* Project object */ = {
			isa = PBXProject;
			attributes = {
				LastUpgradeCheck = 0510;
				ORGANIZATIONNAME = "konoma GmbH";
				TargetAttributes = {
					63956AA618E7323700682D90 = {
						TestTargetID = 63956A8B18E7323700682D90;
					};
				};
			};
			buildConfigurationList = 63956A8718E7323700682D90 /* Build configuration list for PBXProject "Examples" */;
			compatibilityVersion = "Xcode 3.2";
			developmentRegion = English;
			hasScannedForEncodings = 0;
			knownRegions = (
				en,
			);
			mainGroup = 63956A8318E7323700682D90;
			productRefGroup = 63956A8D18E7323700682D90 /* Products */;
			projectDirPath = "";
			projectRoot = "";
			targets = (
				63956A8B18E7323700682D90 /* Examples */,
				63956AA618E7323700682D90 /* ExamplesTests */,
			);
		};
/* End PBXProject section */

/* Begin PBXResourcesBuildPhase section */
		63956A8A18E7323700682D90 /* Resources */ = {
			isa = PBXResourcesBuildPhase;
			buildActionMask = 2147483647;
			files = (
			);
			runOnlyForDeploymentPostprocessing = 0;
		};
		63956AA518E7323700682D90 /* Resources */ = {
			isa = PBXResourcesBuildPhase;
			buildActionMask = 2147483647;
			files = (
			);
			runOnlyForDeploymentPostprocessing = 0;
		};
/* End PBXResourcesBuildPhase section */

/* Begin PBXSourcesBuildPhase section */
		63956A8818E7323700682D90 /* Sources */ = {
			isa = PBXSourcesBuildPhase;
			buildActionMask = 2147483647;
			files = (
				63956AA018E7323700682D90 /* AppDelegate.m in Sources */,
				63956A9C18E7323700682D90 /* main.m in Sources */,
			);
			runOnlyForDeploymentPostprocessing = 0;
		};
		63956AA318E7323700682D90 /* Sources */ = {
			isa = PBXSourcesBuildPhase;
			buildActionMask = 2147483647;
			files = (
				63956AB518E7323700682D90 /* ExamplesTests.m in Sources */,
			);
			runOnlyForDeploymentPostprocessing = 0;
		};
/* End PBXSourcesBuildPhase section */

/* Begin PBXTargetDependency section */
		63956AAD18E7323700682D90 /* PBXTargetDependency */ = {
			isa = PBXTargetDependency;
			target = 63956A8B18E7323700682D90 /* Examples */;
			targetProxy = 63956AAC18E7323700682D90 /* PBXContainerItemProxy */;
		};
/* End PBXTargetDependency section */

/* Begin XCBuildConfiguration section */
		63956AB618E7323700682D90 /* Debug */ = {
			isa = XCBuildConfiguration;
			buildSettings = {
				ALWAYS_SEARCH_USER_PATHS = NO;
				CLANG_CXX_LANGUAGE_STANDARD = "gnu++0x";
				CLANG_CXX_LIBRARY = "libc++";
				CLANG_ENABLE_MODULES = YES;
				CLANG_ENABLE_OBJC_ARC = YES;
				CLANG_WARN_BOOL_CONVERSION = YES;
				CLANG_WARN_CONSTANT_CONVERSION = YES;
				CLANG_WARN_DIRECT_OBJC_ISA_USAGE = YES_ERROR;
				CLANG_WARN_EMPTY_BODY = YES;
				CLANG_WARN_ENUM_CONVERSION = YES;
				CLANG_WARN_INT_CONVERSION = YES;
				CLANG_WARN_OBJC_ROOT_CLASS = YES_ERROR;
				CLANG_WARN__DUPLICATE_METHOD_MATCH = YES;
				"CODE_SIGN_IDENTITY[sdk=iphoneos*]" = "iPhone Developer";
				COPY_PHASE_STRIP = NO;
				GCC_C_LANGUAGE_STANDARD = gnu99;
				GCC_DYNAMIC_NO_PIC = NO;
				GCC_OPTIMIZATION_LEVEL = 0;
				GCC_PREPROCESSOR_DEFINITIONS = (
					"DEBUG=1",
					"$(inherited)",
				);
				GCC_SYMBOLS_PRIVATE_EXTERN = NO;
				GCC_WARN_64_TO_32_BIT_CONVERSION = YES;
				GCC_WARN_ABOUT_RETURN_TYPE = YES_ERROR;
				GCC_WARN_UNDECLARED_SELECTOR = YES;
				GCC_WARN_UNINITIALIZED_AUTOS = YES_AGGRESSIVE;
				GCC_WARN_UNUSED_FUNCTION = YES;
				GCC_WARN_UNUSED_VARIABLE = YES;
				IPHONEOS_DEPLOYMENT_TARGET = 7.1;
				ONLY_ACTIVE_ARCH = YES;
				SDKROOT = iphoneos;
			};
			name = Debug;
		};
		63956AB718E7323700682D90 /* Release */ = {
			isa = XCBuildConfiguration;
			buildSettings = {
				ALWAYS_SEARCH_USER_PATHS = NO;
				CLANG_CXX_LANGUAGE_STANDARD = "gnu++0x";
				CLANG_CXX_LIBRARY = "libc++";
				CLANG_ENABLE_MODULES = YES;
				CLANG_ENABLE_OBJC_ARC = YES;
				CLANG_WARN_BOOL_CONVERSION = YES;
				CLANG_WARN_CONSTANT_CONVERSION = YES;
				CLANG_WARN_DIRECT_OBJC_ISA_USAGE = YES_ERROR;
				CLANG_WARN_EMPTY_BODY = YES;
				CLANG_WARN_ENUM_CONVERSION = YES;
				CLANG_WARN_INT_CONVERSION = YES;
				CLANG_WARN_OBJC_ROOT_CLASS = YES_ERROR;
				CLANG_WARN__DUPLICATE_METHOD_MATCH = YES;
				"CODE_SIGN_IDENTITY[sdk=iphoneos*]" = "iPhone Developer";
				COPY_PHASE_STRIP = YES;
				ENABLE_NS_ASSERTIONS = NO;
				GCC_C_LANGUAGE_STANDARD = gnu99;
				GCC_WARN_64_TO_32_BIT_CONVERSION = YES;
				GCC_WARN_ABOUT_RETURN_TYPE = YES_ERROR;
				GCC_WARN_UNDECLARED_SELECTOR = YES;
				GCC_WARN_UNINITIALIZED_AUTOS = YES_AGGRESSIVE;
				GCC_WARN_UNUSED_FUNCTION = YES;
				GCC_WARN_UNUSED_VARIABLE = YES;
				IPHONEOS_DEPLOYMENT_TARGET = 7.1;
				SDKROOT = iphoneos;
				VALIDATE_PRODUCT = YES;
			};
			name = Release;
		};
		63956AB918E7323700682D90 /* Debug */ = {
			isa = XCBuildConfiguration;
			buildSettings = {
				ASSETCATALOG_COMPILER_APPICON_NAME = AppIcon;
				ASSETCATALOG_COMPILER_LAUNCHIMAGE_NAME = LaunchImage;
				GCC_PRECOMPILE_PREFIX_HEADER = YES;
				GCC_PREFIX_HEADER = Sources/Prefix.pch;
				INFOPLIST_FILE = Sources/Info.plist;
				PRODUCT_NAME = "$(TARGET_NAME)";
				WRAPPER_EXTENSION = app;
			};
			name = Debug;
		};
		63956ABA18E7323700682D90 /* Release */ = {
			isa = XCBuildConfiguration;
			buildSettings = {
				ASSETCATALOG_COMPILER_APPICON_NAME = AppIcon;
				ASSETCATALOG_COMPILER_LAUNCHIMAGE_NAME = LaunchImage;
				GCC_PRECOMPILE_PREFIX_HEADER = YES;
				GCC_PREFIX_HEADER = Sources/Prefix.pch;
				INFOPLIST_FILE = Sources/Info.plist;
				PRODUCT_NAME = "$(TARGET_NAME)";
				WRAPPER_EXTENSION = app;
			};
			name = Release;
		};
		63956ABC18E7323700682D90 /* Debug */ = {
			isa = XCBuildConfiguration;
			buildSettings = {
				BUNDLE_LOADER = "$(BUILT_PRODUCTS_DIR)/Examples.app/Examples";
				FRAMEWORK_SEARCH_PATHS = (
					"$(SDKROOT)/Developer/Library/Frameworks",
					"$(inherited)",
					"$(DEVELOPER_FRAMEWORKS_DIR)",
				);
				GCC_PRECOMPILE_PREFIX_HEADER = YES;
				GCC_PREFIX_HEADER = "Examples/Examples-Prefix.pch";
				GCC_PREPROCESSOR_DEFINITIONS = (
					"DEBUG=1",
					"$(inherited)",
				);
				INFOPLIST_FILE = "ExamplesTests/ExamplesTests-Info.plist";
				PRODUCT_NAME = "$(TARGET_NAME)";
				TEST_HOST = "$(BUNDLE_LOADER)";
				WRAPPER_EXTENSION = xctest;
			};
			name = Debug;
		};
		63956ABD18E7323700682D90 /* Release */ = {
			isa = XCBuildConfiguration;
			buildSettings = {
				BUNDLE_LOADER = "$(BUILT_PRODUCTS_DIR)/Examples.app/Examples";
				FRAMEWORK_SEARCH_PATHS = (
					"$(SDKROOT)/Developer/Library/Frameworks",
					"$(inherited)",
					"$(DEVELOPER_FRAMEWORKS_DIR)",
				);
				GCC_PRECOMPILE_PREFIX_HEADER = YES;
				GCC_PREFIX_HEADER = "Examples/Examples-Prefix.pch";
				INFOPLIST_FILE = "ExamplesTests/ExamplesTests-Info.plist";
				PRODUCT_NAME = "$(TARGET_NAME)";
				TEST_HOST = "$(BUNDLE_LOADER)";
				WRAPPER_EXTENSION = xctest;
			};
			name = Release;
		};
/* End XCBuildConfiguration section */

/* Begin XCConfigurationList section */
		63956A8718E7323700682D90 /* Build configuration list for PBXProject "Examples" */ = {
			isa = XCConfigurationList;
			buildConfigurations = (
				63956AB618E7323700682D90 /* Debug */,
				63956AB718E7323700682D90 /* Release */,
			);
			defaultConfigurationIsVisible = 0;
			defaultConfigurationName = Release;
		};
		63956AB818E7323700682D90 /* Build configuration list for PBXNativeTarget "Examples" */ = {
			isa = XCConfigurationList;
			buildConfigurations = (
				63956AB918E7323700682D90 /* Debug */,
				63956ABA18E7323700682D90 /* Release */,
			);
			defaultConfigurationIsVisible = 0;
			defaultConfigurationName = Release;
		};
		63956ABB18E7323700682D90 /* Build configuration list for PBXNativeTarget "ExamplesTests" */ = {
			isa = XCConfigurationList;
			buildConfigurations = (
				63956ABC18E7323700682D90 /* Debug */,
				63956ABD18E7323700682D90 /* Release */,
			);
			defaultConfigurationIsVisible = 0;
			defaultConfigurationName = Release;
		};
/* End XCConfigurationList section */
	};
	rootObject = 63956A8418E7323700682D90 /* Project object */;
}
