// !$*UTF8*$!
{
	archiveVersion = 1;
	classes = {
	};
	objectVersion = 46;
	objects = {

/* Begin PBXBuildFile section */
		2802EFE314DE021C004EA5D0 /* RGMockInvocationMatcherTest.m in Sources */ = {isa = PBXBuildFile; fileRef = 2802EFE214DE021C004EA5D0 /* RGMockInvocationMatcherTest.m */; };
		2802EFE714DE0250004EA5D0 /* RGMockInvocationMatcher.h in Headers */ = {isa = PBXBuildFile; fileRef = 2802EFE514DE0250004EA5D0 /* RGMockInvocationMatcher.h */; };
		2802EFE814DE0250004EA5D0 /* RGMockInvocationMatcher.m in Sources */ = {isa = PBXBuildFile; fileRef = 2802EFE614DE0250004EA5D0 /* RGMockInvocationMatcher.m */; };
		2802EFEB14DE0786004EA5D0 /* RGMockRecorderFake.m in Sources */ = {isa = PBXBuildFile; fileRef = 2802EFEA14DE0786004EA5D0 /* RGMockRecorderFake.m */; };
		2802EFF314DE12CA004EA5D0 /* RGMockInvocationMatcherFake.m in Sources */ = {isa = PBXBuildFile; fileRef = 2802EFF214DE12CA004EA5D0 /* RGMockInvocationMatcherFake.m */; };
		280875FE14DE90A9004B6BE7 /* RGMockingIntegrationTest.m in Sources */ = {isa = PBXBuildFile; fileRef = 280875FD14DE90A9004B6BE7 /* RGMockingIntegrationTest.m */; };
		2832CC9414D74F3100BE74C2 /* MockTestObject.m in Sources */ = {isa = PBXBuildFile; fileRef = 2832CC9314D74F3100BE74C2 /* MockTestObject.m */; };
		2832CC9814D74F4800BE74C2 /* RGMockClassRecorderTest.m in Sources */ = {isa = PBXBuildFile; fileRef = 2832CC9714D74F4800BE74C2 /* RGMockClassRecorderTest.m */; };
		2832CC9C14D74F6100BE74C2 /* RGMockRecorderTest.m in Sources */ = {isa = PBXBuildFile; fileRef = 2832CC9B14D74F6100BE74C2 /* RGMockRecorderTest.m */; };
		2832CC9E14D74F7C00BE74C2 /* RGMock.h in Headers */ = {isa = PBXBuildFile; fileRef = 2832CC9D14D74F7C00BE74C2 /* RGMock.h */; };
		2832CCA314D74FAB00BE74C2 /* RGMockSyntax.h in Headers */ = {isa = PBXBuildFile; fileRef = 2832CCA114D74FAB00BE74C2 /* RGMockSyntax.h */; };
		2832CCA414D74FAB00BE74C2 /* RGMockSyntax.m in Sources */ = {isa = PBXBuildFile; fileRef = 2832CCA214D74FAB00BE74C2 /* RGMockSyntax.m */; };
		2832CCA914D74FB500BE74C2 /* RGMockClassRecorder.h in Headers */ = {isa = PBXBuildFile; fileRef = 2832CCA514D74FB500BE74C2 /* RGMockClassRecorder.h */; };
		2832CCAA14D74FB500BE74C2 /* RGMockClassRecorder.m in Sources */ = {isa = PBXBuildFile; fileRef = 2832CCA614D74FB500BE74C2 /* RGMockClassRecorder.m */; };
		2832CCAB14D74FB500BE74C2 /* RGMockRecorder.h in Headers */ = {isa = PBXBuildFile; fileRef = 2832CCA714D74FB500BE74C2 /* RGMockRecorder.h */; };
		2832CCAC14D74FB500BE74C2 /* RGMockRecorder.m in Sources */ = {isa = PBXBuildFile; fileRef = 2832CCA814D74FB500BE74C2 /* RGMockRecorder.m */; };
		2832CCB014D7582B00BE74C2 /* RGMockVerifier.h in Headers */ = {isa = PBXBuildFile; fileRef = 2832CCAE14D7582B00BE74C2 /* RGMockVerifier.h */; };
		2832CCB114D7582B00BE74C2 /* RGMockVerifier.m in Sources */ = {isa = PBXBuildFile; fileRef = 2832CCAF14D7582B00BE74C2 /* RGMockVerifier.m */; };
		2832CCB314D7595700BE74C2 /* RGMockVerifierTest.m in Sources */ = {isa = PBXBuildFile; fileRef = 2832CCB214D7595700BE74C2 /* RGMockVerifierTest.m */; };
		2832CCB414D75D3E00BE74C2 /* SenTestingKit.framework in Frameworks */ = {isa = PBXBuildFile; fileRef = 28D7B3A514D74DE400D494FD /* SenTestingKit.framework */; };
		28D7B39814D74DE400D494FD /* Foundation.framework in Frameworks */ = {isa = PBXBuildFile; fileRef = 28D7B39714D74DE400D494FD /* Foundation.framework */; };
		28D7B3A614D74DE400D494FD /* SenTestingKit.framework in Frameworks */ = {isa = PBXBuildFile; fileRef = 28D7B3A514D74DE400D494FD /* SenTestingKit.framework */; };
		28D7B3A914D74DE400D494FD /* Foundation.framework in Frameworks */ = {isa = PBXBuildFile; fileRef = 28D7B39714D74DE400D494FD /* Foundation.framework */; };
		28D7B3AC14D74DE400D494FD /* librgmock.a in Frameworks */ = {isa = PBXBuildFile; fileRef = 28D7B39414D74DE400D494FD /* librgmock.a */; };
		28D7B3B214D74DE400D494FD /* InfoPlist.strings in Resources */ = {isa = PBXBuildFile; fileRef = 28D7B3B014D74DE400D494FD /* InfoPlist.strings */; };
/* End PBXBuildFile section */

/* Begin PBXContainerItemProxy section */
		28D7B3AA14D74DE400D494FD /* PBXContainerItemProxy */ = {
			isa = PBXContainerItemProxy;
			containerPortal = 28D7B38B14D74DE400D494FD /* Project object */;
			proxyType = 1;
			remoteGlobalIDString = 28D7B39314D74DE400D494FD;
			remoteInfo = rgmock;
		};
/* End PBXContainerItemProxy section */

/* Begin PBXFileReference section */
		2802EFE214DE021C004EA5D0 /* RGMockInvocationMatcherTest.m */ = {isa = PBXFileReference; fileEncoding = 4; lastKnownFileType = sourcecode.c.objc; path = RGMockInvocationMatcherTest.m; sourceTree = "<group>"; };
		2802EFE514DE0250004EA5D0 /* RGMockInvocationMatcher.h */ = {isa = PBXFileReference; fileEncoding = 4; lastKnownFileType = sourcecode.c.h; path = RGMockInvocationMatcher.h; sourceTree = "<group>"; };
		2802EFE614DE0250004EA5D0 /* RGMockInvocationMatcher.m */ = {isa = PBXFileReference; fileEncoding = 4; lastKnownFileType = sourcecode.c.objc; path = RGMockInvocationMatcher.m; sourceTree = "<group>"; };
		2802EFE914DE0786004EA5D0 /* RGMockRecorderFake.h */ = {isa = PBXFileReference; fileEncoding = 4; lastKnownFileType = sourcecode.c.h; path = RGMockRecorderFake.h; sourceTree = "<group>"; };
		2802EFEA14DE0786004EA5D0 /* RGMockRecorderFake.m */ = {isa = PBXFileReference; fileEncoding = 4; lastKnownFileType = sourcecode.c.objc; path = RGMockRecorderFake.m; sourceTree = "<group>"; };
		2802EFF114DE12CA004EA5D0 /* RGMockInvocationMatcherFake.h */ = {isa = PBXFileReference; fileEncoding = 4; lastKnownFileType = sourcecode.c.h; path = RGMockInvocationMatcherFake.h; sourceTree = "<group>"; };
		2802EFF214DE12CA004EA5D0 /* RGMockInvocationMatcherFake.m */ = {isa = PBXFileReference; fileEncoding = 4; lastKnownFileType = sourcecode.c.objc; path = RGMockInvocationMatcherFake.m; sourceTree = "<group>"; };
		280875FD14DE90A9004B6BE7 /* RGMockingIntegrationTest.m */ = {isa = PBXFileReference; fileEncoding = 4; lastKnownFileType = sourcecode.c.objc; path = RGMockingIntegrationTest.m; sourceTree = "<group>"; };
		2832CC9214D74F3100BE74C2 /* MockTestObject.h */ = {isa = PBXFileReference; fileEncoding = 4; lastKnownFileType = sourcecode.c.h; path = MockTestObject.h; sourceTree = "<group>"; };
		2832CC9314D74F3100BE74C2 /* MockTestObject.m */ = {isa = PBXFileReference; fileEncoding = 4; lastKnownFileType = sourcecode.c.objc; path = MockTestObject.m; sourceTree = "<group>"; };
		2832CC9714D74F4800BE74C2 /* RGMockClassRecorderTest.m */ = {isa = PBXFileReference; fileEncoding = 4; lastKnownFileType = sourcecode.c.objc; path = RGMockClassRecorderTest.m; sourceTree = "<group>"; };
		2832CC9B14D74F6100BE74C2 /* RGMockRecorderTest.m */ = {isa = PBXFileReference; fileEncoding = 4; lastKnownFileType = sourcecode.c.objc; path = RGMockRecorderTest.m; sourceTree = "<group>"; };
		2832CC9D14D74F7C00BE74C2 /* RGMock.h */ = {isa = PBXFileReference; fileEncoding = 4; lastKnownFileType = sourcecode.c.h; path = RGMock.h; sourceTree = "<group>"; };
		2832CCA114D74FAB00BE74C2 /* RGMockSyntax.h */ = {isa = PBXFileReference; fileEncoding = 4; lastKnownFileType = sourcecode.c.h; path = RGMockSyntax.h; sourceTree = "<group>"; };
		2832CCA214D74FAB00BE74C2 /* RGMockSyntax.m */ = {isa = PBXFileReference; fileEncoding = 4; lastKnownFileType = sourcecode.c.objc; path = RGMockSyntax.m; sourceTree = "<group>"; };
		2832CCA514D74FB500BE74C2 /* RGMockClassRecorder.h */ = {isa = PBXFileReference; fileEncoding = 4; lastKnownFileType = sourcecode.c.h; path = RGMockClassRecorder.h; sourceTree = "<group>"; };
		2832CCA614D74FB500BE74C2 /* RGMockClassRecorder.m */ = {isa = PBXFileReference; fileEncoding = 4; lastKnownFileType = sourcecode.c.objc; path = RGMockClassRecorder.m; sourceTree = "<group>"; };
		2832CCA714D74FB500BE74C2 /* RGMockRecorder.h */ = {isa = PBXFileReference; fileEncoding = 4; lastKnownFileType = sourcecode.c.h; path = RGMockRecorder.h; sourceTree = "<group>"; };
		2832CCA814D74FB500BE74C2 /* RGMockRecorder.m */ = {isa = PBXFileReference; fileEncoding = 4; lastKnownFileType = sourcecode.c.objc; path = RGMockRecorder.m; sourceTree = "<group>"; };
		2832CCAE14D7582B00BE74C2 /* RGMockVerifier.h */ = {isa = PBXFileReference; fileEncoding = 4; lastKnownFileType = sourcecode.c.h; path = RGMockVerifier.h; sourceTree = "<group>"; };
		2832CCAF14D7582B00BE74C2 /* RGMockVerifier.m */ = {isa = PBXFileReference; fileEncoding = 4; lastKnownFileType = sourcecode.c.objc; path = RGMockVerifier.m; sourceTree = "<group>"; };
		2832CCB214D7595700BE74C2 /* RGMockVerifierTest.m */ = {isa = PBXFileReference; fileEncoding = 4; lastKnownFileType = sourcecode.c.objc; path = RGMockVerifierTest.m; sourceTree = "<group>"; };
		28D7B39414D74DE400D494FD /* librgmock.a */ = {isa = PBXFileReference; explicitFileType = archive.ar; includeInIndex = 0; path = librgmock.a; sourceTree = BUILT_PRODUCTS_DIR; };
		28D7B39714D74DE400D494FD /* Foundation.framework */ = {isa = PBXFileReference; lastKnownFileType = wrapper.framework; name = Foundation.framework; path = System/Library/Frameworks/Foundation.framework; sourceTree = SDKROOT; };
		28D7B39B14D74DE400D494FD /* rgmock-Prefix.pch */ = {isa = PBXFileReference; lastKnownFileType = sourcecode.c.h; path = "rgmock-Prefix.pch"; sourceTree = "<group>"; };
		28D7B3A414D74DE400D494FD /* rgmock-unit-tests.octest */ = {isa = PBXFileReference; explicitFileType = wrapper.cfbundle; includeInIndex = 0; path = "rgmock-unit-tests.octest"; sourceTree = BUILT_PRODUCTS_DIR; };
		28D7B3A514D74DE400D494FD /* SenTestingKit.framework */ = {isa = PBXFileReference; lastKnownFileType = wrapper.framework; name = SenTestingKit.framework; path = Library/Frameworks/SenTestingKit.framework; sourceTree = DEVELOPER_DIR; };
		28D7B3A714D74DE400D494FD /* UIKit.framework */ = {isa = PBXFileReference; lastKnownFileType = wrapper.framework; name = UIKit.framework; path = Library/Frameworks/UIKit.framework; sourceTree = DEVELOPER_DIR; };
		28D7B3AF14D74DE400D494FD /* rgmock-unit-tests-Info.plist */ = {isa = PBXFileReference; lastKnownFileType = text.plist.xml; path = "rgmock-unit-tests-Info.plist"; sourceTree = "<group>"; };
		28D7B3B114D74DE400D494FD /* en */ = {isa = PBXFileReference; lastKnownFileType = text.plist.strings; name = en; path = en.lproj/InfoPlist.strings; sourceTree = "<group>"; };
/* End PBXFileReference section */

/* Begin PBXFrameworksBuildPhase section */
		28D7B39114D74DE400D494FD /* Frameworks */ = {
			isa = PBXFrameworksBuildPhase;
			buildActionMask = 2147483647;
			files = (
				28D7B39814D74DE400D494FD /* Foundation.framework in Frameworks */,
				2832CCB414D75D3E00BE74C2 /* SenTestingKit.framework in Frameworks */,
			);
			runOnlyForDeploymentPostprocessing = 0;
		};
		28D7B3A014D74DE400D494FD /* Frameworks */ = {
			isa = PBXFrameworksBuildPhase;
			buildActionMask = 2147483647;
			files = (
				28D7B3AC14D74DE400D494FD /* librgmock.a in Frameworks */,
				28D7B3A914D74DE400D494FD /* Foundation.framework in Frameworks */,
				28D7B3A614D74DE400D494FD /* SenTestingKit.framework in Frameworks */,
			);
			runOnlyForDeploymentPostprocessing = 0;
		};
/* End PBXFrameworksBuildPhase section */

/* Begin PBXGroup section */
		2802EFE414DE0232004EA5D0 /* Invocation Matching */ = {
			isa = PBXGroup;
			children = (
				2802EFE514DE0250004EA5D0 /* RGMockInvocationMatcher.h */,
				2802EFE614DE0250004EA5D0 /* RGMockInvocationMatcher.m */,
			);
			name = "Invocation Matching";
			sourceTree = "<group>";
		};
		2832CC9114D74F0E00BE74C2 /* rgmock-test-resources */ = {
			isa = PBXGroup;
			children = (
				2832CC9214D74F3100BE74C2 /* MockTestObject.h */,
				2832CC9314D74F3100BE74C2 /* MockTestObject.m */,
				2802EFE914DE0786004EA5D0 /* RGMockRecorderFake.h */,
				2802EFEA14DE0786004EA5D0 /* RGMockRecorderFake.m */,
				2802EFF114DE12CA004EA5D0 /* RGMockInvocationMatcherFake.h */,
				2802EFF214DE12CA004EA5D0 /* RGMockInvocationMatcherFake.m */,
			);
			path = "rgmock-test-resources";
			sourceTree = "<group>";
		};
		2832CC9614D74F3900BE74C2 /* Unit Test Cases */ = {
			isa = PBXGroup;
			children = (
				2832CC9B14D74F6100BE74C2 /* RGMockRecorderTest.m */,
				2832CC9714D74F4800BE74C2 /* RGMockClassRecorderTest.m */,
				2832CCB214D7595700BE74C2 /* RGMockVerifierTest.m */,
				2802EFE214DE021C004EA5D0 /* RGMockInvocationMatcherTest.m */,
			);
			name = "Unit Test Cases";
			sourceTree = "<group>";
		};
		2832CC9F14D74F8900BE74C2 /* Sources */ = {
			isa = PBXGroup;
			children = (
				2832CCA114D74FAB00BE74C2 /* RGMockSyntax.h */,
				2832CCA214D74FAB00BE74C2 /* RGMockSyntax.m */,
				2832CCA014D74F9500BE74C2 /* Recorder Objects */,
				2832CCAD14D757DB00BE74C2 /* Verification */,
			);
			name = Sources;
			sourceTree = "<group>";
		};
		2832CCA014D74F9500BE74C2 /* Recorder Objects */ = {
			isa = PBXGroup;
			children = (
				2832CCA714D74FB500BE74C2 /* RGMockRecorder.h */,
				2832CCA814D74FB500BE74C2 /* RGMockRecorder.m */,
				2832CCA514D74FB500BE74C2 /* RGMockClassRecorder.h */,
				2832CCA614D74FB500BE74C2 /* RGMockClassRecorder.m */,
				2802EFE414DE0232004EA5D0 /* Invocation Matching */,
			);
			name = "Recorder Objects";
			sourceTree = "<group>";
		};
		2832CCAD14D757DB00BE74C2 /* Verification */ = {
			isa = PBXGroup;
			children = (
				2832CCAE14D7582B00BE74C2 /* RGMockVerifier.h */,
				2832CCAF14D7582B00BE74C2 /* RGMockVerifier.m */,
			);
			name = Verification;
			sourceTree = "<group>";
		};
		28D7B38914D74DE400D494FD = {
			isa = PBXGroup;
			children = (
				28D7B39914D74DE400D494FD /* rgmock */,
				28D7B3AD14D74DE400D494FD /* rgmock-unit-tests */,
				2832CC9114D74F0E00BE74C2 /* rgmock-test-resources */,
				28D7B39614D74DE400D494FD /* Frameworks */,
				28D7B39514D74DE400D494FD /* Products */,
			);
			sourceTree = "<group>";
		};
		28D7B39514D74DE400D494FD /* Products */ = {
			isa = PBXGroup;
			children = (
				28D7B39414D74DE400D494FD /* librgmock.a */,
				28D7B3A414D74DE400D494FD /* rgmock-unit-tests.octest */,
			);
			name = Products;
			sourceTree = "<group>";
		};
		28D7B39614D74DE400D494FD /* Frameworks */ = {
			isa = PBXGroup;
			children = (
				28D7B39714D74DE400D494FD /* Foundation.framework */,
				28D7B3A514D74DE400D494FD /* SenTestingKit.framework */,
				28D7B3A714D74DE400D494FD /* UIKit.framework */,
			);
			name = Frameworks;
			sourceTree = "<group>";
		};
		28D7B39914D74DE400D494FD /* rgmock */ = {
			isa = PBXGroup;
			children = (
				2832CC9D14D74F7C00BE74C2 /* RGMock.h */,
				2832CC9F14D74F8900BE74C2 /* Sources */,
				28D7B39A14D74DE400D494FD /* Supporting Files */,
			);
			path = rgmock;
			sourceTree = "<group>";
		};
		28D7B39A14D74DE400D494FD /* Supporting Files */ = {
			isa = PBXGroup;
			children = (
				28D7B39B14D74DE400D494FD /* rgmock-Prefix.pch */,
			);
			name = "Supporting Files";
			sourceTree = "<group>";
		};
		28D7B3AD14D74DE400D494FD /* rgmock-unit-tests */ = {
			isa = PBXGroup;
			children = (
				280875FD14DE90A9004B6BE7 /* RGMockingIntegrationTest.m */,
				2832CC9614D74F3900BE74C2 /* Unit Test Cases */,
				28D7B3AE14D74DE400D494FD /* Supporting Files */,
			);
			path = "rgmock-unit-tests";
			sourceTree = "<group>";
		};
		28D7B3AE14D74DE400D494FD /* Supporting Files */ = {
			isa = PBXGroup;
			children = (
				28D7B3AF14D74DE400D494FD /* rgmock-unit-tests-Info.plist */,
				28D7B3B014D74DE400D494FD /* InfoPlist.strings */,
			);
			name = "Supporting Files";
			sourceTree = "<group>";
		};
/* End PBXGroup section */

/* Begin PBXHeadersBuildPhase section */
		28D7B39214D74DE400D494FD /* Headers */ = {
			isa = PBXHeadersBuildPhase;
			buildActionMask = 2147483647;
			files = (
				2832CC9E14D74F7C00BE74C2 /* RGMock.h in Headers */,
				2832CCA314D74FAB00BE74C2 /* RGMockSyntax.h in Headers */,
				2832CCA914D74FB500BE74C2 /* RGMockClassRecorder.h in Headers */,
				2832CCAB14D74FB500BE74C2 /* RGMockRecorder.h in Headers */,
				2832CCB014D7582B00BE74C2 /* RGMockVerifier.h in Headers */,
				2802EFE714DE0250004EA5D0 /* RGMockInvocationMatcher.h in Headers */,
			);
			runOnlyForDeploymentPostprocessing = 0;
		};
/* End PBXHeadersBuildPhase section */

/* Begin PBXNativeTarget section */
		28D7B39314D74DE400D494FD /* rgmock */ = {
			isa = PBXNativeTarget;
			buildConfigurationList = 28D7B3B814D74DE400D494FD /* Build configuration list for PBXNativeTarget "rgmock" */;
			buildPhases = (
				28D7B39014D74DE400D494FD /* Sources */,
				28D7B39114D74DE400D494FD /* Frameworks */,
				28D7B39214D74DE400D494FD /* Headers */,
			);
			buildRules = (
			);
			dependencies = (
			);
			name = rgmock;
			productName = rgmock;
			productReference = 28D7B39414D74DE400D494FD /* librgmock.a */;
			productType = "com.apple.product-type.library.static";
		};
		28D7B3A314D74DE400D494FD /* rgmock-unit-tests */ = {
			isa = PBXNativeTarget;
			buildConfigurationList = 28D7B3BB14D74DE400D494FD /* Build configuration list for PBXNativeTarget "rgmock-unit-tests" */;
			buildPhases = (
				28D7B39F14D74DE400D494FD /* Sources */,
				28D7B3A014D74DE400D494FD /* Frameworks */,
				28D7B3A114D74DE400D494FD /* Resources */,
				28D7B3A214D74DE400D494FD /* ShellScript */,
			);
			buildRules = (
			);
			dependencies = (
				28D7B3AB14D74DE400D494FD /* PBXTargetDependency */,
			);
			name = "rgmock-unit-tests";
			productName = rgmockTests;
			productReference = 28D7B3A414D74DE400D494FD /* rgmock-unit-tests.octest */;
			productType = "com.apple.product-type.bundle";
		};
/* End PBXNativeTarget section */

/* Begin PBXProject section */
		28D7B38B14D74DE400D494FD /* Project object */ = {
			isa = PBXProject;
			attributes = {
				LastUpgradeCheck = 0420;
				ORGANIZATIONNAME = "coresystems ag";
			};
			buildConfigurationList = 28D7B38E14D74DE400D494FD /* Build configuration list for PBXProject "rgmock" */;
			compatibilityVersion = "Xcode 3.2";
			developmentRegion = English;
			hasScannedForEncodings = 0;
			knownRegions = (
				en,
			);
			mainGroup = 28D7B38914D74DE400D494FD;
			productRefGroup = 28D7B39514D74DE400D494FD /* Products */;
			projectDirPath = "";
			projectRoot = "";
			targets = (
				28D7B39314D74DE400D494FD /* rgmock */,
				28D7B3A314D74DE400D494FD /* rgmock-unit-tests */,
			);
		};
/* End PBXProject section */

/* Begin PBXResourcesBuildPhase section */
		28D7B3A114D74DE400D494FD /* Resources */ = {
			isa = PBXResourcesBuildPhase;
			buildActionMask = 2147483647;
			files = (
				28D7B3B214D74DE400D494FD /* InfoPlist.strings in Resources */,
			);
			runOnlyForDeploymentPostprocessing = 0;
		};
/* End PBXResourcesBuildPhase section */

/* Begin PBXShellScriptBuildPhase section */
		28D7B3A214D74DE400D494FD /* ShellScript */ = {
			isa = PBXShellScriptBuildPhase;
			buildActionMask = 2147483647;
			files = (
			);
			inputPaths = (
			);
			outputPaths = (
			);
			runOnlyForDeploymentPostprocessing = 0;
			shellPath = /bin/sh;
			shellScript = "# Run the unit tests in this test bundle.\n\"${SYSTEM_DEVELOPER_DIR}/Tools/RunUnitTests\"\n";
		};
/* End PBXShellScriptBuildPhase section */

/* Begin PBXSourcesBuildPhase section */
		28D7B39014D74DE400D494FD /* Sources */ = {
			isa = PBXSourcesBuildPhase;
			buildActionMask = 2147483647;
			files = (
				2832CCA414D74FAB00BE74C2 /* RGMockSyntax.m in Sources */,
				2832CCAA14D74FB500BE74C2 /* RGMockClassRecorder.m in Sources */,
				2832CCAC14D74FB500BE74C2 /* RGMockRecorder.m in Sources */,
				2832CCB114D7582B00BE74C2 /* RGMockVerifier.m in Sources */,
				2802EFE814DE0250004EA5D0 /* RGMockInvocationMatcher.m in Sources */,
			);
			runOnlyForDeploymentPostprocessing = 0;
		};
		28D7B39F14D74DE400D494FD /* Sources */ = {
			isa = PBXSourcesBuildPhase;
			buildActionMask = 2147483647;
			files = (
				2832CC9414D74F3100BE74C2 /* MockTestObject.m in Sources */,
				2832CC9814D74F4800BE74C2 /* RGMockClassRecorderTest.m in Sources */,
				2832CC9C14D74F6100BE74C2 /* RGMockRecorderTest.m in Sources */,
				2832CCB314D7595700BE74C2 /* RGMockVerifierTest.m in Sources */,
				2802EFE314DE021C004EA5D0 /* RGMockInvocationMatcherTest.m in Sources */,
				2802EFEB14DE0786004EA5D0 /* RGMockRecorderFake.m in Sources */,
				2802EFF314DE12CA004EA5D0 /* RGMockInvocationMatcherFake.m in Sources */,
				280875FE14DE90A9004B6BE7 /* RGMockingIntegrationTest.m in Sources */,
			);
			runOnlyForDeploymentPostprocessing = 0;
		};
/* End PBXSourcesBuildPhase section */

/* Begin PBXTargetDependency section */
		28D7B3AB14D74DE400D494FD /* PBXTargetDependency */ = {
			isa = PBXTargetDependency;
			target = 28D7B39314D74DE400D494FD /* rgmock */;
			targetProxy = 28D7B3AA14D74DE400D494FD /* PBXContainerItemProxy */;
		};
/* End PBXTargetDependency section */

/* Begin PBXVariantGroup section */
		28D7B3B014D74DE400D494FD /* InfoPlist.strings */ = {
			isa = PBXVariantGroup;
			children = (
				28D7B3B114D74DE400D494FD /* en */,
			);
			name = InfoPlist.strings;
			sourceTree = "<group>";
		};
/* End PBXVariantGroup section */

/* Begin XCBuildConfiguration section */
		28D7B3B614D74DE400D494FD /* Debug */ = {
			isa = XCBuildConfiguration;
			buildSettings = {
				ALWAYS_SEARCH_USER_PATHS = NO;
				ARCHS = "$(ARCHS_STANDARD_32_BIT)";
				CLANG_ENABLE_OBJC_ARC = YES;
				COPY_PHASE_STRIP = NO;
				GCC_C_LANGUAGE_STANDARD = gnu99;
				GCC_DYNAMIC_NO_PIC = NO;
				GCC_OPTIMIZATION_LEVEL = 0;
				GCC_PREPROCESSOR_DEFINITIONS = (
					"DEBUG=1",
					"$(inherited)",
				);
				GCC_SYMBOLS_PRIVATE_EXTERN = NO;
				GCC_TREAT_WARNINGS_AS_ERRORS = YES;
				GCC_VERSION = com.apple.compilers.llvm.clang.1_0;
				GCC_WARN_ABOUT_MISSING_PROTOTYPES = YES;
				GCC_WARN_ABOUT_RETURN_TYPE = YES;
				GCC_WARN_UNUSED_VARIABLE = YES;
				IPHONEOS_DEPLOYMENT_TARGET = 5.0;
				SDKROOT = iphoneos;
			};
			name = Debug;
		};
		28D7B3B714D74DE400D494FD /* Release */ = {
			isa = XCBuildConfiguration;
			buildSettings = {
				ALWAYS_SEARCH_USER_PATHS = NO;
				ARCHS = "$(ARCHS_STANDARD_32_BIT)";
				CLANG_ENABLE_OBJC_ARC = YES;
				COPY_PHASE_STRIP = YES;
				GCC_C_LANGUAGE_STANDARD = gnu99;
				GCC_TREAT_WARNINGS_AS_ERRORS = YES;
				GCC_VERSION = com.apple.compilers.llvm.clang.1_0;
				GCC_WARN_ABOUT_MISSING_PROTOTYPES = YES;
				GCC_WARN_ABOUT_RETURN_TYPE = YES;
				GCC_WARN_UNUSED_VARIABLE = YES;
				IPHONEOS_DEPLOYMENT_TARGET = 5.0;
				SDKROOT = iphoneos;
				VALIDATE_PRODUCT = YES;
			};
			name = Release;
		};
		28D7B3B914D74DE400D494FD /* Debug */ = {
			isa = XCBuildConfiguration;
			buildSettings = {
				DSTROOT = /tmp/rgmock.dst;
				FRAMEWORK_SEARCH_PATHS = (
					"$(inherited)",
					"\"$(DEVELOPER_FRAMEWORKS_DIR)\"",
				);
				GCC_PRECOMPILE_PREFIX_HEADER = YES;
				GCC_PREFIX_HEADER = "rgmock/rgmock-Prefix.pch";
				OTHER_LDFLAGS = "-ObjC";
				PRODUCT_NAME = "$(TARGET_NAME)";
				SKIP_INSTALL = YES;
			};
			name = Debug;
		};
		28D7B3BA14D74DE400D494FD /* Release */ = {
			isa = XCBuildConfiguration;
			buildSettings = {
				DSTROOT = /tmp/rgmock.dst;
				FRAMEWORK_SEARCH_PATHS = (
					"$(inherited)",
					"\"$(DEVELOPER_FRAMEWORKS_DIR)\"",
				);
				GCC_PRECOMPILE_PREFIX_HEADER = YES;
				GCC_PREFIX_HEADER = "rgmock/rgmock-Prefix.pch";
				OTHER_LDFLAGS = "-ObjC";
				PRODUCT_NAME = "$(TARGET_NAME)";
				SKIP_INSTALL = YES;
			};
			name = Release;
		};
		28D7B3BC14D74DE400D494FD /* Debug */ = {
			isa = XCBuildConfiguration;
			buildSettings = {
				FRAMEWORK_SEARCH_PATHS = (
					"$(SDKROOT)/Developer/Library/Frameworks",
					"$(DEVELOPER_LIBRARY_DIR)/Frameworks",
				);
				GCC_PRECOMPILE_PREFIX_HEADER = YES;
				GCC_PREFIX_HEADER = "rgmock/rgmock-Prefix.pch";
				INFOPLIST_FILE = "rgmock-unit-tests/rgmock-unit-tests-Info.plist";
				PRODUCT_NAME = "$(TARGET_NAME)";
				WRAPPER_EXTENSION = octest;
			};
			name = Debug;
		};
		28D7B3BD14D74DE400D494FD /* Release */ = {
			isa = XCBuildConfiguration;
			buildSettings = {
				FRAMEWORK_SEARCH_PATHS = (
					"$(SDKROOT)/Developer/Library/Frameworks",
					"$(DEVELOPER_LIBRARY_DIR)/Frameworks",
				);
				GCC_PRECOMPILE_PREFIX_HEADER = YES;
				GCC_PREFIX_HEADER = "rgmock/rgmock-Prefix.pch";
				INFOPLIST_FILE = "rgmock-unit-tests/rgmock-unit-tests-Info.plist";
				PRODUCT_NAME = "$(TARGET_NAME)";
				WRAPPER_EXTENSION = octest;
			};
			name = Release;
		};
/* End XCBuildConfiguration section */

/* Begin XCConfigurationList section */
		28D7B38E14D74DE400D494FD /* Build configuration list for PBXProject "rgmock" */ = {
			isa = XCConfigurationList;
			buildConfigurations = (
				28D7B3B614D74DE400D494FD /* Debug */,
				28D7B3B714D74DE400D494FD /* Release */,
			);
			defaultConfigurationIsVisible = 0;
			defaultConfigurationName = Release;
		};
		28D7B3B814D74DE400D494FD /* Build configuration list for PBXNativeTarget "rgmock" */ = {
			isa = XCConfigurationList;
			buildConfigurations = (
				28D7B3B914D74DE400D494FD /* Debug */,
				28D7B3BA14D74DE400D494FD /* Release */,
			);
			defaultConfigurationIsVisible = 0;
			defaultConfigurationName = Release;
		};
		28D7B3BB14D74DE400D494FD /* Build configuration list for PBXNativeTarget "rgmock-unit-tests" */ = {
			isa = XCConfigurationList;
			buildConfigurations = (
				28D7B3BC14D74DE400D494FD /* Debug */,
				28D7B3BD14D74DE400D494FD /* Release */,
			);
			defaultConfigurationIsVisible = 0;
			defaultConfigurationName = Release;
		};
/* End XCConfigurationList section */
	};
	rootObject = 28D7B38B14D74DE400D494FD /* Project object */;
}
