// !$*UTF8*$!
{
	archiveVersion = 1;
	classes = {
	};
	objectVersion = 46;
	objects = {

/* Begin PBXBuildFile section */
		28D7B39814D74DE400D494FD /* Foundation.framework in Frameworks */ = {isa = PBXBuildFile; fileRef = 28D7B39714D74DE400D494FD /* Foundation.framework */; };
		28D7B39E14D74DE400D494FD /* rgmock.m in Sources */ = {isa = PBXBuildFile; fileRef = 28D7B39D14D74DE400D494FD /* rgmock.m */; };
		28D7B3A614D74DE400D494FD /* SenTestingKit.framework in Frameworks */ = {isa = PBXBuildFile; fileRef = 28D7B3A514D74DE400D494FD /* SenTestingKit.framework */; };
		28D7B3A814D74DE400D494FD /* UIKit.framework in Frameworks */ = {isa = PBXBuildFile; fileRef = 28D7B3A714D74DE400D494FD /* UIKit.framework */; };
		28D7B3A914D74DE400D494FD /* Foundation.framework in Frameworks */ = {isa = PBXBuildFile; fileRef = 28D7B39714D74DE400D494FD /* Foundation.framework */; };
		28D7B3AC14D74DE400D494FD /* librgmock.a in Frameworks */ = {isa = PBXBuildFile; fileRef = 28D7B39414D74DE400D494FD /* librgmock.a */; };
		28D7B3B214D74DE400D494FD /* InfoPlist.strings in Resources */ = {isa = PBXBuildFile; fileRef = 28D7B3B014D74DE400D494FD /* InfoPlist.strings */; };
		28D7B3B514D74DE400D494FD /* rgmockTests.m in Sources */ = {isa = PBXBuildFile; fileRef = 28D7B3B414D74DE400D494FD /* rgmockTests.m */; };
/* End PBXBuildFile section */

/* Begin PBXContainerItemProxy section */
		28D7B3AA14D74DE400D494FD /* PBXContainerItemProxy */ = {
			isa = PBXContainerItemProxy;
			containerPortal = 28D7B38B14D74DE400D494FD /* Project object */;
			proxyType = 1;
			remoteGlobalIDString = 28D7B39314D74DE400D494FD;
			remoteInfo = rgmock;
		};
/* End PBXContainerItemProxy section */

/* Begin PBXFileReference section */
		28D7B39414D74DE400D494FD /* librgmock.a */ = {isa = PBXFileReference; explicitFileType = archive.ar; includeInIndex = 0; path = librgmock.a; sourceTree = BUILT_PRODUCTS_DIR; };
		28D7B39714D74DE400D494FD /* Foundation.framework */ = {isa = PBXFileReference; lastKnownFileType = wrapper.framework; name = Foundation.framework; path = System/Library/Frameworks/Foundation.framework; sourceTree = SDKROOT; };
		28D7B39B14D74DE400D494FD /* rgmock-Prefix.pch */ = {isa = PBXFileReference; lastKnownFileType = sourcecode.c.h; path = "rgmock-Prefix.pch"; sourceTree = "<group>"; };
		28D7B39C14D74DE400D494FD /* rgmock.h */ = {isa = PBXFileReference; lastKnownFileType = sourcecode.c.h; path = rgmock.h; sourceTree = "<group>"; };
		28D7B39D14D74DE400D494FD /* rgmock.m */ = {isa = PBXFileReference; lastKnownFileType = sourcecode.c.objc; path = rgmock.m; sourceTree = "<group>"; };
		28D7B3A414D74DE400D494FD /* rgmockTests.octest */ = {isa = PBXFileReference; explicitFileType = wrapper.cfbundle; includeInIndex = 0; path = rgmockTests.octest; sourceTree = BUILT_PRODUCTS_DIR; };
		28D7B3A514D74DE400D494FD /* SenTestingKit.framework */ = {isa = PBXFileReference; lastKnownFileType = wrapper.framework; name = SenTestingKit.framework; path = Library/Frameworks/SenTestingKit.framework; sourceTree = DEVELOPER_DIR; };
		28D7B3A714D74DE400D494FD /* UIKit.framework */ = {isa = PBXFileReference; lastKnownFileType = wrapper.framework; name = UIKit.framework; path = Library/Frameworks/UIKit.framework; sourceTree = DEVELOPER_DIR; };
		28D7B3AF14D74DE400D494FD /* rgmockTests-Info.plist */ = {isa = PBXFileReference; lastKnownFileType = text.plist.xml; path = "rgmockTests-Info.plist"; sourceTree = "<group>"; };
		28D7B3B114D74DE400D494FD /* en */ = {isa = PBXFileReference; lastKnownFileType = text.plist.strings; name = en; path = en.lproj/InfoPlist.strings; sourceTree = "<group>"; };
		28D7B3B314D74DE400D494FD /* rgmockTests.h */ = {isa = PBXFileReference; lastKnownFileType = sourcecode.c.h; path = rgmockTests.h; sourceTree = "<group>"; };
		28D7B3B414D74DE400D494FD /* rgmockTests.m */ = {isa = PBXFileReference; lastKnownFileType = sourcecode.c.objc; path = rgmockTests.m; sourceTree = "<group>"; };
/* End PBXFileReference section */

/* Begin PBXFrameworksBuildPhase section */
		28D7B39114D74DE400D494FD /* Frameworks */ = {
			isa = PBXFrameworksBuildPhase;
			buildActionMask = 2147483647;
			files = (
				28D7B39814D74DE400D494FD /* Foundation.framework in Frameworks */,
			);
			runOnlyForDeploymentPostprocessing = 0;
		};
		28D7B3A014D74DE400D494FD /* Frameworks */ = {
			isa = PBXFrameworksBuildPhase;
			buildActionMask = 2147483647;
			files = (
				28D7B3A614D74DE400D494FD /* SenTestingKit.framework in Frameworks */,
				28D7B3A814D74DE400D494FD /* UIKit.framework in Frameworks */,
				28D7B3A914D74DE400D494FD /* Foundation.framework in Frameworks */,
				28D7B3AC14D74DE400D494FD /* librgmock.a in Frameworks */,
			);
			runOnlyForDeploymentPostprocessing = 0;
		};
/* End PBXFrameworksBuildPhase section */

/* Begin PBXGroup section */
		28D7B38914D74DE400D494FD = {
			isa = PBXGroup;
			children = (
				28D7B39914D74DE400D494FD /* rgmock */,
				28D7B3AD14D74DE400D494FD /* rgmockTests */,
				28D7B39614D74DE400D494FD /* Frameworks */,
				28D7B39514D74DE400D494FD /* Products */,
			);
			sourceTree = "<group>";
		};
		28D7B39514D74DE400D494FD /* Products */ = {
			isa = PBXGroup;
			children = (
				28D7B39414D74DE400D494FD /* librgmock.a */,
				28D7B3A414D74DE400D494FD /* rgmockTests.octest */,
			);
			name = Products;
			sourceTree = "<group>";
		};
		28D7B39614D74DE400D494FD /* Frameworks */ = {
			isa = PBXGroup;
			children = (
				28D7B39714D74DE400D494FD /* Foundation.framework */,
				28D7B3A514D74DE400D494FD /* SenTestingKit.framework */,
				28D7B3A714D74DE400D494FD /* UIKit.framework */,
			);
			name = Frameworks;
			sourceTree = "<group>";
		};
		28D7B39914D74DE400D494FD /* rgmock */ = {
			isa = PBXGroup;
			children = (
				28D7B39C14D74DE400D494FD /* rgmock.h */,
				28D7B39D14D74DE400D494FD /* rgmock.m */,
				28D7B39A14D74DE400D494FD /* Supporting Files */,
			);
			path = rgmock;
			sourceTree = "<group>";
		};
		28D7B39A14D74DE400D494FD /* Supporting Files */ = {
			isa = PBXGroup;
			children = (
				28D7B39B14D74DE400D494FD /* rgmock-Prefix.pch */,
			);
			name = "Supporting Files";
			sourceTree = "<group>";
		};
		28D7B3AD14D74DE400D494FD /* rgmockTests */ = {
			isa = PBXGroup;
			children = (
				28D7B3B314D74DE400D494FD /* rgmockTests.h */,
				28D7B3B414D74DE400D494FD /* rgmockTests.m */,
				28D7B3AE14D74DE400D494FD /* Supporting Files */,
			);
			path = rgmockTests;
			sourceTree = "<group>";
		};
		28D7B3AE14D74DE400D494FD /* Supporting Files */ = {
			isa = PBXGroup;
			children = (
				28D7B3AF14D74DE400D494FD /* rgmockTests-Info.plist */,
				28D7B3B014D74DE400D494FD /* InfoPlist.strings */,
			);
			name = "Supporting Files";
			sourceTree = "<group>";
		};
/* End PBXGroup section */

/* Begin PBXHeadersBuildPhase section */
		28D7B39214D74DE400D494FD /* Headers */ = {
			isa = PBXHeadersBuildPhase;
			buildActionMask = 2147483647;
			files = (
			);
			runOnlyForDeploymentPostprocessing = 0;
		};
/* End PBXHeadersBuildPhase section */

/* Begin PBXNativeTarget section */
		28D7B39314D74DE400D494FD /* rgmock */ = {
			isa = PBXNativeTarget;
			buildConfigurationList = 28D7B3B814D74DE400D494FD /* Build configuration list for PBXNativeTarget "rgmock" */;
			buildPhases = (
				28D7B39014D74DE400D494FD /* Sources */,
				28D7B39114D74DE400D494FD /* Frameworks */,
				28D7B39214D74DE400D494FD /* Headers */,
			);
			buildRules = (
			);
			dependencies = (
			);
			name = rgmock;
			productName = rgmock;
			productReference = 28D7B39414D74DE400D494FD /* librgmock.a */;
			productType = "com.apple.product-type.library.static";
		};
		28D7B3A314D74DE400D494FD /* rgmockTests */ = {
			isa = PBXNativeTarget;
			buildConfigurationList = 28D7B3BB14D74DE400D494FD /* Build configuration list for PBXNativeTarget "rgmockTests" */;
			buildPhases = (
				28D7B39F14D74DE400D494FD /* Sources */,
				28D7B3A014D74DE400D494FD /* Frameworks */,
				28D7B3A114D74DE400D494FD /* Resources */,
				28D7B3A214D74DE400D494FD /* ShellScript */,
			);
			buildRules = (
			);
			dependencies = (
				28D7B3AB14D74DE400D494FD /* PBXTargetDependency */,
			);
			name = rgmockTests;
			productName = rgmockTests;
			productReference = 28D7B3A414D74DE400D494FD /* rgmockTests.octest */;
			productType = "com.apple.product-type.bundle";
		};
/* End PBXNativeTarget section */

/* Begin PBXProject section */
		28D7B38B14D74DE400D494FD /* Project object */ = {
			isa = PBXProject;
			attributes = {
				LastUpgradeCheck = 0420;
				ORGANIZATIONNAME = "coresystems ag";
			};
			buildConfigurationList = 28D7B38E14D74DE400D494FD /* Build configuration list for PBXProject "rgmock" */;
			compatibilityVersion = "Xcode 3.2";
			developmentRegion = English;
			hasScannedForEncodings = 0;
			knownRegions = (
				en,
			);
			mainGroup = 28D7B38914D74DE400D494FD;
			productRefGroup = 28D7B39514D74DE400D494FD /* Products */;
			projectDirPath = "";
			projectRoot = "";
			targets = (
				28D7B39314D74DE400D494FD /* rgmock */,
				28D7B3A314D74DE400D494FD /* rgmockTests */,
			);
		};
/* End PBXProject section */

/* Begin PBXResourcesBuildPhase section */
		28D7B3A114D74DE400D494FD /* Resources */ = {
			isa = PBXResourcesBuildPhase;
			buildActionMask = 2147483647;
			files = (
				28D7B3B214D74DE400D494FD /* InfoPlist.strings in Resources */,
			);
			runOnlyForDeploymentPostprocessing = 0;
		};
/* End PBXResourcesBuildPhase section */

/* Begin PBXShellScriptBuildPhase section */
		28D7B3A214D74DE400D494FD /* ShellScript */ = {
			isa = PBXShellScriptBuildPhase;
			buildActionMask = 2147483647;
			files = (
			);
			inputPaths = (
			);
			outputPaths = (
			);
			runOnlyForDeploymentPostprocessing = 0;
			shellPath = /bin/sh;
			shellScript = "# Run the unit tests in this test bundle.\n\"${SYSTEM_DEVELOPER_DIR}/Tools/RunUnitTests\"\n";
		};
/* End PBXShellScriptBuildPhase section */

/* Begin PBXSourcesBuildPhase section */
		28D7B39014D74DE400D494FD /* Sources */ = {
			isa = PBXSourcesBuildPhase;
			buildActionMask = 2147483647;
			files = (
				28D7B39E14D74DE400D494FD /* rgmock.m in Sources */,
			);
			runOnlyForDeploymentPostprocessing = 0;
		};
		28D7B39F14D74DE400D494FD /* Sources */ = {
			isa = PBXSourcesBuildPhase;
			buildActionMask = 2147483647;
			files = (
				28D7B3B514D74DE400D494FD /* rgmockTests.m in Sources */,
			);
			runOnlyForDeploymentPostprocessing = 0;
		};
/* End PBXSourcesBuildPhase section */

/* Begin PBXTargetDependency section */
		28D7B3AB14D74DE400D494FD /* PBXTargetDependency */ = {
			isa = PBXTargetDependency;
			target = 28D7B39314D74DE400D494FD /* rgmock */;
			targetProxy = 28D7B3AA14D74DE400D494FD /* PBXContainerItemProxy */;
		};
/* End PBXTargetDependency section */

/* Begin PBXVariantGroup section */
		28D7B3B014D74DE400D494FD /* InfoPlist.strings */ = {
			isa = PBXVariantGroup;
			children = (
				28D7B3B114D74DE400D494FD /* en */,
			);
			name = InfoPlist.strings;
			sourceTree = "<group>";
		};
/* End PBXVariantGroup section */

/* Begin XCBuildConfiguration section */
		28D7B3B614D74DE400D494FD /* Debug */ = {
			isa = XCBuildConfiguration;
			buildSettings = {
				ALWAYS_SEARCH_USER_PATHS = NO;
				ARCHS = "$(ARCHS_STANDARD_32_BIT)";
				CLANG_ENABLE_OBJC_ARC = YES;
				COPY_PHASE_STRIP = NO;
				GCC_C_LANGUAGE_STANDARD = gnu99;
				GCC_DYNAMIC_NO_PIC = NO;
				GCC_OPTIMIZATION_LEVEL = 0;
				GCC_PREPROCESSOR_DEFINITIONS = (
					"DEBUG=1",
					"$(inherited)",
				);
				GCC_SYMBOLS_PRIVATE_EXTERN = NO;
				GCC_VERSION = com.apple.compilers.llvm.clang.1_0;
				GCC_WARN_ABOUT_MISSING_PROTOTYPES = YES;
				GCC_WARN_ABOUT_RETURN_TYPE = YES;
				GCC_WARN_UNUSED_VARIABLE = YES;
				IPHONEOS_DEPLOYMENT_TARGET = 5.0;
				SDKROOT = iphoneos;
			};
			name = Debug;
		};
		28D7B3B714D74DE400D494FD /* Release */ = {
			isa = XCBuildConfiguration;
			buildSettings = {
				ALWAYS_SEARCH_USER_PATHS = NO;
				ARCHS = "$(ARCHS_STANDARD_32_BIT)";
				CLANG_ENABLE_OBJC_ARC = YES;
				COPY_PHASE_STRIP = YES;
				GCC_C_LANGUAGE_STANDARD = gnu99;
				GCC_VERSION = com.apple.compilers.llvm.clang.1_0;
				GCC_WARN_ABOUT_MISSING_PROTOTYPES = YES;
				GCC_WARN_ABOUT_RETURN_TYPE = YES;
				GCC_WARN_UNUSED_VARIABLE = YES;
				IPHONEOS_DEPLOYMENT_TARGET = 5.0;
				SDKROOT = iphoneos;
				VALIDATE_PRODUCT = YES;
			};
			name = Release;
		};
		28D7B3B914D74DE400D494FD /* Debug */ = {
			isa = XCBuildConfiguration;
			buildSettings = {
				DSTROOT = /tmp/rgmock.dst;
				GCC_PRECOMPILE_PREFIX_HEADER = YES;
				GCC_PREFIX_HEADER = "rgmock/rgmock-Prefix.pch";
				OTHER_LDFLAGS = "-ObjC";
				PRODUCT_NAME = "$(TARGET_NAME)";
				SKIP_INSTALL = YES;
			};
			name = Debug;
		};
		28D7B3BA14D74DE400D494FD /* Release */ = {
			isa = XCBuildConfiguration;
			buildSettings = {
				DSTROOT = /tmp/rgmock.dst;
				GCC_PRECOMPILE_PREFIX_HEADER = YES;
				GCC_PREFIX_HEADER = "rgmock/rgmock-Prefix.pch";
				OTHER_LDFLAGS = "-ObjC";
				PRODUCT_NAME = "$(TARGET_NAME)";
				SKIP_INSTALL = YES;
			};
			name = Release;
		};
		28D7B3BC14D74DE400D494FD /* Debug */ = {
			isa = XCBuildConfiguration;
			buildSettings = {
				FRAMEWORK_SEARCH_PATHS = (
					"$(SDKROOT)/Developer/Library/Frameworks",
					"$(DEVELOPER_LIBRARY_DIR)/Frameworks",
				);
				GCC_PRECOMPILE_PREFIX_HEADER = YES;
				GCC_PREFIX_HEADER = "rgmock/rgmock-Prefix.pch";
				INFOPLIST_FILE = "rgmockTests/rgmockTests-Info.plist";
				PRODUCT_NAME = "$(TARGET_NAME)";
				WRAPPER_EXTENSION = octest;
			};
			name = Debug;
		};
		28D7B3BD14D74DE400D494FD /* Release */ = {
			isa = XCBuildConfiguration;
			buildSettings = {
				FRAMEWORK_SEARCH_PATHS = (
					"$(SDKROOT)/Developer/Library/Frameworks",
					"$(DEVELOPER_LIBRARY_DIR)/Frameworks",
				);
				GCC_PRECOMPILE_PREFIX_HEADER = YES;
				GCC_PREFIX_HEADER = "rgmock/rgmock-Prefix.pch";
				INFOPLIST_FILE = "rgmockTests/rgmockTests-Info.plist";
				PRODUCT_NAME = "$(TARGET_NAME)";
				WRAPPER_EXTENSION = octest;
			};
			name = Release;
		};
/* End XCBuildConfiguration section */

/* Begin XCConfigurationList section */
		28D7B38E14D74DE400D494FD /* Build configuration list for PBXProject "rgmock" */ = {
			isa = XCConfigurationList;
			buildConfigurations = (
				28D7B3B614D74DE400D494FD /* Debug */,
				28D7B3B714D74DE400D494FD /* Release */,
			);
			defaultConfigurationIsVisible = 0;
			defaultConfigurationName = Release;
		};
		28D7B3B814D74DE400D494FD /* Build configuration list for PBXNativeTarget "rgmock" */ = {
			isa = XCConfigurationList;
			buildConfigurations = (
				28D7B3B914D74DE400D494FD /* Debug */,
				28D7B3BA14D74DE400D494FD /* Release */,
			);
			defaultConfigurationIsVisible = 0;
		};
		28D7B3BB14D74DE400D494FD /* Build configuration list for PBXNativeTarget "rgmockTests" */ = {
			isa = XCConfigurationList;
			buildConfigurations = (
				28D7B3BC14D74DE400D494FD /* Debug */,
				28D7B3BD14D74DE400D494FD /* Release */,
			);
			defaultConfigurationIsVisible = 0;
		};
/* End XCConfigurationList section */
	};
	rootObject = 28D7B38B14D74DE400D494FD /* Project object */;
}
